// !$*UTF8*$!
{
	archiveVersion = 1;
	classes = {
	};
	objectVersion = 55;
	objects = {

/* Begin PBXBuildFile section */
		2DE141D3282AF2F000AD741E /* AppDelegate.swift in Sources */ = {isa = PBXBuildFile; fileRef = 2DE141D2282AF2F000AD741E /* AppDelegate.swift */; };
		2DE141D5282AF2F000AD741E /* SceneDelegate.swift in Sources */ = {isa = PBXBuildFile; fileRef = 2DE141D4282AF2F000AD741E /* SceneDelegate.swift */; };
		2DE141DA282AF2F000AD741E /* Main.storyboard in Resources */ = {isa = PBXBuildFile; fileRef = 2DE141D8282AF2F000AD741E /* Main.storyboard */; };
		2DE141DC282AF2F100AD741E /* Assets.xcassets in Resources */ = {isa = PBXBuildFile; fileRef = 2DE141DB282AF2F100AD741E /* Assets.xcassets */; };
		2DE141DF282AF2F100AD741E /* LaunchScreen.storyboard in Resources */ = {isa = PBXBuildFile; fileRef = 2DE141DD282AF2F100AD741E /* LaunchScreen.storyboard */; };
		B08C2ED6283FA2330000B1AE /* MenuTableViewController.swift in Sources */ = {isa = PBXBuildFile; fileRef = B08C2ED5283FA2330000B1AE /* MenuTableViewController.swift */; };
		B08C2ED9283FA36F0000B1AE /* MenuTableViewCell.swift in Sources */ = {isa = PBXBuildFile; fileRef = B08C2ED8283FA36F0000B1AE /* MenuTableViewCell.swift */; };
		B08C2EDB283FA4040000B1AE /* BannerViewController.swift in Sources */ = {isa = PBXBuildFile; fileRef = B08C2EDA283FA4040000B1AE /* BannerViewController.swift */; };
		B08C2EE4283FBDB60000B1AE /* Banner.swift in Sources */ = {isa = PBXBuildFile; fileRef = B08C2EE3283FBDB60000B1AE /* Banner.swift */; };
/* End PBXBuildFile section */

/* Begin PBXContainerItemProxy section */
		2DE141FE282AF30800AD741E /* PBXContainerItemProxy */ = {
			isa = PBXContainerItemProxy;
			containerPortal = 2DE141FA282AF30800AD741E /* amplience-sdk-ios.xcodeproj */;
			proxyType = 2;
			remoteGlobalIDString = 2DE141F0282AF30800AD741E;
			remoteInfo = "amplience-sdk-ios";
		};
/* End PBXContainerItemProxy section */

/* Begin PBXFileReference section */
		2DE141CF282AF2F000AD741E /* amplience-sdk-ios-full.app */ = {isa = PBXFileReference; explicitFileType = wrapper.application; includeInIndex = 0; path = "amplience-sdk-ios-full.app"; sourceTree = BUILT_PRODUCTS_DIR; };
		2DE141D2282AF2F000AD741E /* AppDelegate.swift */ = {isa = PBXFileReference; lastKnownFileType = sourcecode.swift; path = AppDelegate.swift; sourceTree = "<group>"; };
		2DE141D4282AF2F000AD741E /* SceneDelegate.swift */ = {isa = PBXFileReference; lastKnownFileType = sourcecode.swift; path = SceneDelegate.swift; sourceTree = "<group>"; };
		2DE141D9282AF2F000AD741E /* Base */ = {isa = PBXFileReference; lastKnownFileType = file.storyboard; name = Base; path = Base.lproj/Main.storyboard; sourceTree = "<group>"; };
		2DE141DB282AF2F100AD741E /* Assets.xcassets */ = {isa = PBXFileReference; lastKnownFileType = folder.assetcatalog; path = Assets.xcassets; sourceTree = "<group>"; };
		2DE141DE282AF2F100AD741E /* Base */ = {isa = PBXFileReference; lastKnownFileType = file.storyboard; name = Base; path = Base.lproj/LaunchScreen.storyboard; sourceTree = "<group>"; };
		2DE141E0282AF2F100AD741E /* Info.plist */ = {isa = PBXFileReference; lastKnownFileType = text.plist.xml; path = Info.plist; sourceTree = "<group>"; };
		2DE141FA282AF30800AD741E /* amplience-sdk-ios.xcodeproj */ = {isa = PBXFileReference; lastKnownFileType = "wrapper.pb-project"; name = "amplience-sdk-ios.xcodeproj"; path = "amplience-sdk-ios/amplience-sdk-ios.xcodeproj"; sourceTree = "<group>"; };
		B08C2ED5283FA2330000B1AE /* MenuTableViewController.swift */ = {isa = PBXFileReference; lastKnownFileType = sourcecode.swift; path = MenuTableViewController.swift; sourceTree = "<group>"; };
		B08C2ED8283FA36F0000B1AE /* MenuTableViewCell.swift */ = {isa = PBXFileReference; lastKnownFileType = sourcecode.swift; path = MenuTableViewCell.swift; sourceTree = "<group>"; };
		B08C2EDA283FA4040000B1AE /* BannerViewController.swift */ = {isa = PBXFileReference; lastKnownFileType = sourcecode.swift; path = BannerViewController.swift; sourceTree = "<group>"; };
		B08C2EE3283FBDB60000B1AE /* Banner.swift */ = {isa = PBXFileReference; lastKnownFileType = sourcecode.swift; path = Banner.swift; sourceTree = "<group>"; };
/* End PBXFileReference section */

/* Begin PBXFrameworksBuildPhase section */
		2DE141CC282AF2F000AD741E /* Frameworks */ = {
			isa = PBXFrameworksBuildPhase;
			buildActionMask = 2147483647;
			files = (
			);
			runOnlyForDeploymentPostprocessing = 0;
		};
/* End PBXFrameworksBuildPhase section */

/* Begin PBXGroup section */
		2DE141C6282AF2F000AD741E = {
			isa = PBXGroup;
			children = (
				2DE141FA282AF30800AD741E /* amplience-sdk-ios.xcodeproj */,
				2DE141D1282AF2F000AD741E /* amplience-sdk-ios-full */,
				2DE141D0282AF2F000AD741E /* Products */,
			);
			sourceTree = "<group>";
		};
		2DE141D0282AF2F000AD741E /* Products */ = {
			isa = PBXGroup;
			children = (
				2DE141CF282AF2F000AD741E /* amplience-sdk-ios-full.app */,
			);
			name = Products;
			sourceTree = "<group>";
		};
		2DE141D1282AF2F000AD741E /* amplience-sdk-ios-full */ = {
			isa = PBXGroup;
			children = (
				B08C2EE2283FBDAB0000B1AE /* Example custom model */,
				B08C2EDD283FA4150000B1AE /* Examples */,
				B08C2EDC283FA4080000B1AE /* Main Menu */,
				2DE141D2282AF2F000AD741E /* AppDelegate.swift */,
				2DE141D4282AF2F000AD741E /* SceneDelegate.swift */,
				2DE141D8282AF2F000AD741E /* Main.storyboard */,
				2DE141DB282AF2F100AD741E /* Assets.xcassets */,
				2DE141DD282AF2F100AD741E /* LaunchScreen.storyboard */,
				2DE141E0282AF2F100AD741E /* Info.plist */,
			);
			path = "amplience-sdk-ios-full";
			sourceTree = "<group>";
		};
		2DE141FB282AF30800AD741E /* Products */ = {
			isa = PBXGroup;
			children = (
				2DE141FF282AF30800AD741E /* amplience_sdk_ios.framework */,
			);
			name = Products;
			sourceTree = "<group>";
		};
		B08C2EDC283FA4080000B1AE /* Main Menu */ = {
			isa = PBXGroup;
			children = (
				B08C2ED5283FA2330000B1AE /* MenuTableViewController.swift */,
				B08C2ED8283FA36F0000B1AE /* MenuTableViewCell.swift */,
			);
			path = "Main Menu";
			sourceTree = "<group>";
		};
		B08C2EDD283FA4150000B1AE /* Examples */ = {
			isa = PBXGroup;
			children = (
				B08C2EDA283FA4040000B1AE /* BannerViewController.swift */,
			);
			path = Examples;
			sourceTree = "<group>";
		};
		B08C2EE2283FBDAB0000B1AE /* Example custom model */ = {
			isa = PBXGroup;
			children = (
				B08C2EE3283FBDB60000B1AE /* Banner.swift */,
			);
			path = "Example custom model";
			sourceTree = "<group>";
		};
/* End PBXGroup section */

/* Begin PBXNativeTarget section */
		2DE141CE282AF2F000AD741E /* amplience-sdk-ios-full */ = {
			isa = PBXNativeTarget;
			buildConfigurationList = 2DE141E3282AF2F100AD741E /* Build configuration list for PBXNativeTarget "amplience-sdk-ios-full" */;
			buildPhases = (
				2DE141CB282AF2F000AD741E /* Sources */,
				2DE141CC282AF2F000AD741E /* Frameworks */,
				2DE141CD282AF2F000AD741E /* Resources */,
			);
			buildRules = (
			);
			dependencies = (
			);
			name = "amplience-sdk-ios-full";
			productName = "amplience-sdk-ios-full";
			productReference = 2DE141CF282AF2F000AD741E /* amplience-sdk-ios-full.app */;
			productType = "com.apple.product-type.application";
		};
/* End PBXNativeTarget section */

/* Begin PBXProject section */
		2DE141C7282AF2F000AD741E /* Project object */ = {
			isa = PBXProject;
			attributes = {
				BuildIndependentTargetsInParallel = 1;
				LastSwiftUpdateCheck = 1330;
				LastUpgradeCheck = 1330;
				TargetAttributes = {
					2DE141CE282AF2F000AD741E = {
						CreatedOnToolsVersion = 13.3;
					};
				};
			};
			buildConfigurationList = 2DE141CA282AF2F000AD741E /* Build configuration list for PBXProject "amplience-sdk-ios-full" */;
			compatibilityVersion = "Xcode 13.0";
			developmentRegion = en;
			hasScannedForEncodings = 0;
			knownRegions = (
				en,
				Base,
			);
			mainGroup = 2DE141C6282AF2F000AD741E;
			productRefGroup = 2DE141D0282AF2F000AD741E /* Products */;
			projectDirPath = "";
			projectReferences = (
				{
					ProductGroup = 2DE141FB282AF30800AD741E /* Products */;
					ProjectRef = 2DE141FA282AF30800AD741E /* amplience-sdk-ios.xcodeproj */;
				},
			);
			projectRoot = "";
			targets = (
				2DE141CE282AF2F000AD741E /* amplience-sdk-ios-full */,
			);
		};
/* End PBXProject section */

/* Begin PBXReferenceProxy section */
		2DE141FF282AF30800AD741E /* amplience_sdk_ios.framework */ = {
			isa = PBXReferenceProxy;
			fileType = wrapper.framework;
			path = amplience_sdk_ios.framework;
			remoteRef = 2DE141FE282AF30800AD741E /* PBXContainerItemProxy */;
			sourceTree = BUILT_PRODUCTS_DIR;
		};
/* End PBXReferenceProxy section */

/* Begin PBXResourcesBuildPhase section */
		2DE141CD282AF2F000AD741E /* Resources */ = {
			isa = PBXResourcesBuildPhase;
			buildActionMask = 2147483647;
			files = (
				2DE141DF282AF2F100AD741E /* LaunchScreen.storyboard in Resources */,
				2DE141DC282AF2F100AD741E /* Assets.xcassets in Resources */,
				2DE141DA282AF2F000AD741E /* Main.storyboard in Resources */,
			);
			runOnlyForDeploymentPostprocessing = 0;
		};
/* End PBXResourcesBuildPhase section */

/* Begin PBXSourcesBuildPhase section */
		2DE141CB282AF2F000AD741E /* Sources */ = {
			isa = PBXSourcesBuildPhase;
			buildActionMask = 2147483647;
			files = (
				B08C2EDB283FA4040000B1AE /* BannerViewController.swift in Sources */,
				B08C2ED6283FA2330000B1AE /* MenuTableViewController.swift in Sources */,
				2DE141D3282AF2F000AD741E /* AppDelegate.swift in Sources */,
				B08C2ED9283FA36F0000B1AE /* MenuTableViewCell.swift in Sources */,
				2DE141D5282AF2F000AD741E /* SceneDelegate.swift in Sources */,
				B08C2EE4283FBDB60000B1AE /* Banner.swift in Sources */,
			);
			runOnlyForDeploymentPostprocessing = 0;
		};
/* End PBXSourcesBuildPhase section */

/* Begin PBXVariantGroup section */
		2DE141D8282AF2F000AD741E /* Main.storyboard */ = {
			isa = PBXVariantGroup;
			children = (
				2DE141D9282AF2F000AD741E /* Base */,
			);
			name = Main.storyboard;
			sourceTree = "<group>";
		};
		2DE141DD282AF2F100AD741E /* LaunchScreen.storyboard */ = {
			isa = PBXVariantGroup;
			children = (
				2DE141DE282AF2F100AD741E /* Base */,
			);
			name = LaunchScreen.storyboard;
			sourceTree = "<group>";
		};
/* End PBXVariantGroup section */

/* Begin XCBuildConfiguration section */
		2DE141E1282AF2F100AD741E /* Debug */ = {
			isa = XCBuildConfiguration;
			buildSettings = {
				ALWAYS_SEARCH_USER_PATHS = NO;
				CLANG_ANALYZER_NONNULL = YES;
				CLANG_ANALYZER_NUMBER_OBJECT_CONVERSION = YES_AGGRESSIVE;
				CLANG_CXX_LANGUAGE_STANDARD = "gnu++17";
				CLANG_ENABLE_MODULES = YES;
				CLANG_ENABLE_OBJC_ARC = YES;
				CLANG_ENABLE_OBJC_WEAK = YES;
				CLANG_WARN_BLOCK_CAPTURE_AUTORELEASING = YES;
				CLANG_WARN_BOOL_CONVERSION = YES;
				CLANG_WARN_COMMA = YES;
				CLANG_WARN_CONSTANT_CONVERSION = YES;
				CLANG_WARN_DEPRECATED_OBJC_IMPLEMENTATIONS = YES;
				CLANG_WARN_DIRECT_OBJC_ISA_USAGE = YES_ERROR;
				CLANG_WARN_DOCUMENTATION_COMMENTS = YES;
				CLANG_WARN_EMPTY_BODY = YES;
				CLANG_WARN_ENUM_CONVERSION = YES;
				CLANG_WARN_INFINITE_RECURSION = YES;
				CLANG_WARN_INT_CONVERSION = YES;
				CLANG_WARN_NON_LITERAL_NULL_CONVERSION = YES;
				CLANG_WARN_OBJC_IMPLICIT_RETAIN_SELF = YES;
				CLANG_WARN_OBJC_LITERAL_CONVERSION = YES;
				CLANG_WARN_OBJC_ROOT_CLASS = YES_ERROR;
				CLANG_WARN_QUOTED_INCLUDE_IN_FRAMEWORK_HEADER = YES;
				CLANG_WARN_RANGE_LOOP_ANALYSIS = YES;
				CLANG_WARN_STRICT_PROTOTYPES = YES;
				CLANG_WARN_SUSPICIOUS_MOVE = YES;
				CLANG_WARN_UNGUARDED_AVAILABILITY = YES_AGGRESSIVE;
				CLANG_WARN_UNREACHABLE_CODE = YES;
				CLANG_WARN__DUPLICATE_METHOD_MATCH = YES;
				COPY_PHASE_STRIP = NO;
				DEBUG_INFORMATION_FORMAT = dwarf;
				ENABLE_STRICT_OBJC_MSGSEND = YES;
				ENABLE_TESTABILITY = YES;
				GCC_C_LANGUAGE_STANDARD = gnu11;
				GCC_DYNAMIC_NO_PIC = NO;
				GCC_NO_COMMON_BLOCKS = YES;
				GCC_OPTIMIZATION_LEVEL = 0;
				GCC_PREPROCESSOR_DEFINITIONS = (
					"DEBUG=1",
					"$(inherited)",
				);
				GCC_WARN_64_TO_32_BIT_CONVERSION = YES;
				GCC_WARN_ABOUT_RETURN_TYPE = YES_ERROR;
				GCC_WARN_UNDECLARED_SELECTOR = YES;
				GCC_WARN_UNINITIALIZED_AUTOS = YES_AGGRESSIVE;
				GCC_WARN_UNUSED_FUNCTION = YES;
				GCC_WARN_UNUSED_VARIABLE = YES;
				IPHONEOS_DEPLOYMENT_TARGET = 15.4;
				MTL_ENABLE_DEBUG_INFO = INCLUDE_SOURCE;
				MTL_FAST_MATH = YES;
				ONLY_ACTIVE_ARCH = YES;
				SDKROOT = iphoneos;
				SWIFT_ACTIVE_COMPILATION_CONDITIONS = DEBUG;
				SWIFT_OPTIMIZATION_LEVEL = "-Onone";
			};
			name = Debug;
		};
		2DE141E2282AF2F100AD741E /* Release */ = {
			isa = XCBuildConfiguration;
			buildSettings = {
				ALWAYS_SEARCH_USER_PATHS = NO;
				CLANG_ANALYZER_NONNULL = YES;
				CLANG_ANALYZER_NUMBER_OBJECT_CONVERSION = YES_AGGRESSIVE;
				CLANG_CXX_LANGUAGE_STANDARD = "gnu++17";
				CLANG_ENABLE_MODULES = YES;
				CLANG_ENABLE_OBJC_ARC = YES;
				CLANG_ENABLE_OBJC_WEAK = YES;
				CLANG_WARN_BLOCK_CAPTURE_AUTORELEASING = YES;
				CLANG_WARN_BOOL_CONVERSION = YES;
				CLANG_WARN_COMMA = YES;
				CLANG_WARN_CONSTANT_CONVERSION = YES;
				CLANG_WARN_DEPRECATED_OBJC_IMPLEMENTATIONS = YES;
				CLANG_WARN_DIRECT_OBJC_ISA_USAGE = YES_ERROR;
				CLANG_WARN_DOCUMENTATION_COMMENTS = YES;
				CLANG_WARN_EMPTY_BODY = YES;
				CLANG_WARN_ENUM_CONVERSION = YES;
				CLANG_WARN_INFINITE_RECURSION = YES;
				CLANG_WARN_INT_CONVERSION = YES;
				CLANG_WARN_NON_LITERAL_NULL_CONVERSION = YES;
				CLANG_WARN_OBJC_IMPLICIT_RETAIN_SELF = YES;
				CLANG_WARN_OBJC_LITERAL_CONVERSION = YES;
				CLANG_WARN_OBJC_ROOT_CLASS = YES_ERROR;
				CLANG_WARN_QUOTED_INCLUDE_IN_FRAMEWORK_HEADER = YES;
				CLANG_WARN_RANGE_LOOP_ANALYSIS = YES;
				CLANG_WARN_STRICT_PROTOTYPES = YES;
				CLANG_WARN_SUSPICIOUS_MOVE = YES;
				CLANG_WARN_UNGUARDED_AVAILABILITY = YES_AGGRESSIVE;
				CLANG_WARN_UNREACHABLE_CODE = YES;
				CLANG_WARN__DUPLICATE_METHOD_MATCH = YES;
				COPY_PHASE_STRIP = NO;
				DEBUG_INFORMATION_FORMAT = "dwarf-with-dsym";
				ENABLE_NS_ASSERTIONS = NO;
				ENABLE_STRICT_OBJC_MSGSEND = YES;
				GCC_C_LANGUAGE_STANDARD = gnu11;
				GCC_NO_COMMON_BLOCKS = YES;
				GCC_WARN_64_TO_32_BIT_CONVERSION = YES;
				GCC_WARN_ABOUT_RETURN_TYPE = YES_ERROR;
				GCC_WARN_UNDECLARED_SELECTOR = YES;
				GCC_WARN_UNINITIALIZED_AUTOS = YES_AGGRESSIVE;
				GCC_WARN_UNUSED_FUNCTION = YES;
				GCC_WARN_UNUSED_VARIABLE = YES;
				IPHONEOS_DEPLOYMENT_TARGET = 15.4;
				MTL_ENABLE_DEBUG_INFO = NO;
				MTL_FAST_MATH = YES;
				SDKROOT = iphoneos;
				SWIFT_COMPILATION_MODE = wholemodule;
				SWIFT_OPTIMIZATION_LEVEL = "-O";
				VALIDATE_PRODUCT = YES;
			};
			name = Release;
		};
		2DE141E4282AF2F100AD741E /* Debug */ = {
			isa = XCBuildConfiguration;
			buildSettings = {
				ASSETCATALOG_COMPILER_APPICON_NAME = AppIcon;
				ASSETCATALOG_COMPILER_GLOBAL_ACCENT_COLOR_NAME = AccentColor;
				CODE_SIGN_STYLE = Automatic;
				CURRENT_PROJECT_VERSION = 1;
				DEVELOPMENT_TEAM = RA4XCDZCJ8;
				GENERATE_INFOPLIST_FILE = YES;
				INFOPLIST_FILE = "amplience-sdk-ios-full/Info.plist";
				INFOPLIST_KEY_UIApplicationSupportsIndirectInputEvents = YES;
				INFOPLIST_KEY_UILaunchStoryboardName = LaunchScreen;
				INFOPLIST_KEY_UIMainStoryboardFile = Main;
				INFOPLIST_KEY_UISupportedInterfaceOrientations_iPad = "UIInterfaceOrientationPortrait UIInterfaceOrientationPortraitUpsideDown UIInterfaceOrientationLandscapeLeft UIInterfaceOrientationLandscapeRight";
				INFOPLIST_KEY_UISupportedInterfaceOrientations_iPhone = "UIInterfaceOrientationPortrait UIInterfaceOrientationLandscapeLeft UIInterfaceOrientationLandscapeRight";
				LD_RUNPATH_SEARCH_PATHS = (
					"$(inherited)",
					"@executable_path/Frameworks",
				);
				MARKETING_VERSION = 1.0;
				PRODUCT_BUNDLE_IDENTIFIER = "com.nebula.amplience-sdk-ios-full";
				PRODUCT_NAME = "$(TARGET_NAME)";
				SWIFT_EMIT_LOC_STRINGS = YES;
				SWIFT_VERSION = 5.0;
				TARGETED_DEVICE_FAMILY = "1,2";
			};
			name = Debug;
		};
		2DE141E5282AF2F100AD741E /* Release */ = {
			isa = XCBuildConfiguration;
			buildSettings = {
				ASSETCATALOG_COMPILER_APPICON_NAME = AppIcon;
				ASSETCATALOG_COMPILER_GLOBAL_ACCENT_COLOR_NAME = AccentColor;
				CODE_SIGN_STYLE = Automatic;
				CURRENT_PROJECT_VERSION = 1;
				DEVELOPMENT_TEAM = RA4XCDZCJ8;
				GENERATE_INFOPLIST_FILE = YES;
				INFOPLIST_FILE = "amplience-sdk-ios-full/Info.plist";
				INFOPLIST_KEY_UIApplicationSupportsIndirectInputEvents = YES;
				INFOPLIST_KEY_UILaunchStoryboardName = LaunchScreen;
				INFOPLIST_KEY_UIMainStoryboardFile = Main;
				INFOPLIST_KEY_UISupportedInterfaceOrientations_iPad = "UIInterfaceOrientationPortrait UIInterfaceOrientationPortraitUpsideDown UIInterfaceOrientationLandscapeLeft UIInterfaceOrientationLandscapeRight";
				INFOPLIST_KEY_UISupportedInterfaceOrientations_iPhone = "UIInterfaceOrientationPortrait UIInterfaceOrientationLandscapeLeft UIInterfaceOrientationLandscapeRight";
				LD_RUNPATH_SEARCH_PATHS = (
					"$(inherited)",
					"@executable_path/Frameworks",
				);
				MARKETING_VERSION = 1.0;
				PRODUCT_BUNDLE_IDENTIFIER = "com.nebula.amplience-sdk-ios-full";
				PRODUCT_NAME = "$(TARGET_NAME)";
				SWIFT_EMIT_LOC_STRINGS = YES;
				SWIFT_VERSION = 5.0;
				TARGETED_DEVICE_FAMILY = "1,2";
			};
			name = Release;
		};
/* End XCBuildConfiguration section */

/* Begin XCConfigurationList section */
		2DE141CA282AF2F000AD741E /* Build configuration list for PBXProject "amplience-sdk-ios-full" */ = {
			isa = XCConfigurationList;
			buildConfigurations = (
				2DE141E1282AF2F100AD741E /* Debug */,
				2DE141E2282AF2F100AD741E /* Release */,
			);
			defaultConfigurationIsVisible = 0;
			defaultConfigurationName = Release;
		};
		2DE141E3282AF2F100AD741E /* Build configuration list for PBXNativeTarget "amplience-sdk-ios-full" */ = {
			isa = XCConfigurationList;
			buildConfigurations = (
				2DE141E4282AF2F100AD741E /* Debug */,
				2DE141E5282AF2F100AD741E /* Release */,
			);
			defaultConfigurationIsVisible = 0;
			defaultConfigurationName = Release;
		};
/* End XCConfigurationList section */
	};
	rootObject = 2DE141C7282AF2F000AD741E /* Project object */;
}
