// !$*UTF8*$!
{
	archiveVersion = 1;
	classes = {
	};
	objectVersion = 55;
	objects = {

/* Begin PBXBuildFile section */
		2D4B1CD3289D6D73007B3CA2 /* .swiftlint.yml in Resources */ = {isa = PBXBuildFile; fileRef = 2D4B1CD2289D6D73007B3CA2 /* .swiftlint.yml */; };
		2D6FC186285A7C31004C861C /* SlidesViewController.swift in Sources */ = {isa = PBXBuildFile; fileRef = 2D6FC185285A7C31004C861C /* SlidesViewController.swift */; };
		2D6FC189285A7D34004C861C /* SlideTableViewCell.swift in Sources */ = {isa = PBXBuildFile; fileRef = 2D6FC187285A7D34004C861C /* SlideTableViewCell.swift */; };
		2D6FC18A285A7D34004C861C /* SlideTableViewCell.xib in Resources */ = {isa = PBXBuildFile; fileRef = 2D6FC188285A7D34004C861C /* SlideTableViewCell.xib */; };
		2D6FC18D285A807D004C861C /* Slide.swift in Sources */ = {isa = PBXBuildFile; fileRef = 2D6FC18C285A807D004C861C /* Slide.swift */; };
		2D6FC18F285A8212004C861C /* ImageItem.swift in Sources */ = {isa = PBXBuildFile; fileRef = 2D6FC18E285A8212004C861C /* ImageItem.swift */; };
		2D799F4A285CA62100EA9932 /* SlideCollectionViewCell.swift in Sources */ = {isa = PBXBuildFile; fileRef = 2D799F48285CA62100EA9932 /* SlideCollectionViewCell.swift */; };
		2D799F4B285CA62100EA9932 /* SlideCollectionViewCell.xib in Resources */ = {isa = PBXBuildFile; fileRef = 2D799F49285CA62100EA9932 /* SlideCollectionViewCell.xib */; };
		2D924053286638F900AFBAF4 /* VideoTableViewCell.swift in Sources */ = {isa = PBXBuildFile; fileRef = 2D924051286638F900AFBAF4 /* VideoTableViewCell.swift */; };
		2D924054286638F900AFBAF4 /* VideoTableViewCell.xib in Resources */ = {isa = PBXBuildFile; fileRef = 2D924052286638F900AFBAF4 /* VideoTableViewCell.xib */; };
		2DA04BD9287447D600F6BEF5 /* FilterViewController.swift in Sources */ = {isa = PBXBuildFile; fileRef = 2DA04BD8287447D600F6BEF5 /* FilterViewController.swift */; };
		2DA04BDB2874498F00F6BEF5 /* ToolbarPickerView.swift in Sources */ = {isa = PBXBuildFile; fileRef = 2DA04BDA2874498F00F6BEF5 /* ToolbarPickerView.swift */; };
		2DA04BDF2874615400F6BEF5 /* FilterContentTableViewCell.swift in Sources */ = {isa = PBXBuildFile; fileRef = 2DA04BDD2874615400F6BEF5 /* FilterContentTableViewCell.swift */; };
		2DA04BE02874615400F6BEF5 /* FilterContentTableViewCell.xib in Resources */ = {isa = PBXBuildFile; fileRef = 2DA04BDE2874615400F6BEF5 /* FilterContentTableViewCell.xib */; };
		2DA04BE22874634800F6BEF5 /* FilterContent.swift in Sources */ = {isa = PBXBuildFile; fileRef = 2DA04BE12874634800F6BEF5 /* FilterContent.swift */; };
		2DA04BE528746F7F00F6BEF5 /* ContentAuthorView.swift in Sources */ = {isa = PBXBuildFile; fileRef = 2DA04BE428746F7F00F6BEF5 /* ContentAuthorView.swift */; };
		2DA04BE728746F8400F6BEF5 /* ContentAuthorView.xib in Resources */ = {isa = PBXBuildFile; fileRef = 2DA04BE628746F8400F6BEF5 /* ContentAuthorView.xib */; };
		2DE141D3282AF2F000AD741E /* AppDelegate.swift in Sources */ = {isa = PBXBuildFile; fileRef = 2DE141D2282AF2F000AD741E /* AppDelegate.swift */; };
		2DE141D5282AF2F000AD741E /* SceneDelegate.swift in Sources */ = {isa = PBXBuildFile; fileRef = 2DE141D4282AF2F000AD741E /* SceneDelegate.swift */; };
		2DE141DA282AF2F000AD741E /* Main.storyboard in Resources */ = {isa = PBXBuildFile; fileRef = 2DE141D8282AF2F000AD741E /* Main.storyboard */; };
		2DE141DC282AF2F100AD741E /* Assets.xcassets in Resources */ = {isa = PBXBuildFile; fileRef = 2DE141DB282AF2F100AD741E /* Assets.xcassets */; };
		2DE141DF282AF2F100AD741E /* LaunchScreen.storyboard in Resources */ = {isa = PBXBuildFile; fileRef = 2DE141DD282AF2F100AD741E /* LaunchScreen.storyboard */; };
		2DE2B650285C90780076002D /* MultiContentViewController.swift in Sources */ = {isa = PBXBuildFile; fileRef = 2DE2B64F285C90780076002D /* MultiContentViewController.swift */; };
		2DE2B652285C92C40076002D /* MultiContent.swift in Sources */ = {isa = PBXBuildFile; fileRef = 2DE2B651285C92C40076002D /* MultiContent.swift */; };
		2DE2B655285C9F240076002D /* SlidesCarouselTableViewCell.swift in Sources */ = {isa = PBXBuildFile; fileRef = 2DE2B653285C9F240076002D /* SlidesCarouselTableViewCell.swift */; };
		2DE2B656285C9F240076002D /* SlidesCarouselTableViewCell.xib in Resources */ = {isa = PBXBuildFile; fileRef = 2DE2B654285C9F240076002D /* SlidesCarouselTableViewCell.xib */; };
		2DF41C5E2885C76E00E2642B /* LinkedContent.swift in Sources */ = {isa = PBXBuildFile; fileRef = 2DF41C5D2885C76E00E2642B /* LinkedContent.swift */; };
		2DF41C8728869DA600E2642B /* amplience_sdk_ios_fullUnitTests.swift in Sources */ = {isa = PBXBuildFile; fileRef = 2DF41C8628869DA600E2642B /* amplience_sdk_ios_fullUnitTests.swift */; };
		84D969BC47E2D4D655B9E919 /* Pods_amplience_sdk_ios_full.framework in Frameworks */ = {isa = PBXBuildFile; fileRef = E879C05278D8F5595BA42B76 /* Pods_amplience_sdk_ios_full.framework */; };
		B08C2ED6283FA2330000B1AE /* MenuTableViewController.swift in Sources */ = {isa = PBXBuildFile; fileRef = B08C2ED5283FA2330000B1AE /* MenuTableViewController.swift */; };
		B08C2ED9283FA36F0000B1AE /* MenuTableViewCell.swift in Sources */ = {isa = PBXBuildFile; fileRef = B08C2ED8283FA36F0000B1AE /* MenuTableViewCell.swift */; };
		B08C2EDB283FA4040000B1AE /* BannerViewController.swift in Sources */ = {isa = PBXBuildFile; fileRef = B08C2EDA283FA4040000B1AE /* BannerViewController.swift */; };
		B08C2EE4283FBDB60000B1AE /* Banner.swift in Sources */ = {isa = PBXBuildFile; fileRef = B08C2EE3283FBDB60000B1AE /* Banner.swift */; };
		E4163D502E16F99F18F165A4 /* Pods_amplience_sdk_ios_fullUnitTests.framework in Frameworks */ = {isa = PBXBuildFile; fileRef = 325B41299C4319BB52C1D5EC /* Pods_amplience_sdk_ios_fullUnitTests.framework */; };
/* End PBXBuildFile section */

/* Begin PBXContainerItemProxy section */
		2DE141FE282AF30800AD741E /* PBXContainerItemProxy */ = {
			isa = PBXContainerItemProxy;
			containerPortal = 2DE141FA282AF30800AD741E /* amplience-sdk-ios.xcodeproj */;
			proxyType = 2;
			remoteGlobalIDString = 2DE141F0282AF30800AD741E;
			remoteInfo = "amplience-sdk-ios";
		};
		2DF41C8828869DA600E2642B /* PBXContainerItemProxy */ = {
			isa = PBXContainerItemProxy;
			containerPortal = 2DE141C7282AF2F000AD741E /* Project object */;
			proxyType = 1;
			remoteGlobalIDString = 2DE141CE282AF2F000AD741E;
			remoteInfo = "amplience-sdk-ios-full";
		};
		B075B486284FF0CB00930313 /* PBXContainerItemProxy */ = {
			isa = PBXContainerItemProxy;
			containerPortal = 2DE141FA282AF30800AD741E /* amplience-sdk-ios.xcodeproj */;
			proxyType = 1;
			remoteGlobalIDString = 2DE141EF282AF30800AD741E;
			remoteInfo = Amplience;
		};
/* End PBXContainerItemProxy section */

/* Begin PBXFileReference section */
		1063BCD4E653AA7670627301 /* Pods-amplience-sdk-ios-full.debug.xcconfig */ = {isa = PBXFileReference; includeInIndex = 1; lastKnownFileType = text.xcconfig; name = "Pods-amplience-sdk-ios-full.debug.xcconfig"; path = "Target Support Files/Pods-amplience-sdk-ios-full/Pods-amplience-sdk-ios-full.debug.xcconfig"; sourceTree = "<group>"; };
		2D4B1CD2289D6D73007B3CA2 /* .swiftlint.yml */ = {isa = PBXFileReference; lastKnownFileType = text.yaml; path = .swiftlint.yml; sourceTree = "<group>"; };
		2D6FC185285A7C31004C861C /* SlidesViewController.swift */ = {isa = PBXFileReference; lastKnownFileType = sourcecode.swift; path = SlidesViewController.swift; sourceTree = "<group>"; };
		2D6FC187285A7D34004C861C /* SlideTableViewCell.swift */ = {isa = PBXFileReference; lastKnownFileType = sourcecode.swift; path = SlideTableViewCell.swift; sourceTree = "<group>"; };
		2D6FC188285A7D34004C861C /* SlideTableViewCell.xib */ = {isa = PBXFileReference; lastKnownFileType = file.xib; path = SlideTableViewCell.xib; sourceTree = "<group>"; };
		2D6FC18C285A807D004C861C /* Slide.swift */ = {isa = PBXFileReference; lastKnownFileType = sourcecode.swift; path = Slide.swift; sourceTree = "<group>"; };
		2D6FC18E285A8212004C861C /* ImageItem.swift */ = {isa = PBXFileReference; lastKnownFileType = sourcecode.swift; path = ImageItem.swift; sourceTree = "<group>"; };
		2D799F48285CA62100EA9932 /* SlideCollectionViewCell.swift */ = {isa = PBXFileReference; lastKnownFileType = sourcecode.swift; path = SlideCollectionViewCell.swift; sourceTree = "<group>"; };
		2D799F49285CA62100EA9932 /* SlideCollectionViewCell.xib */ = {isa = PBXFileReference; lastKnownFileType = file.xib; path = SlideCollectionViewCell.xib; sourceTree = "<group>"; };
		2D924051286638F900AFBAF4 /* VideoTableViewCell.swift */ = {isa = PBXFileReference; lastKnownFileType = sourcecode.swift; path = VideoTableViewCell.swift; sourceTree = "<group>"; };
		2D924052286638F900AFBAF4 /* VideoTableViewCell.xib */ = {isa = PBXFileReference; lastKnownFileType = file.xib; path = VideoTableViewCell.xib; sourceTree = "<group>"; };
		2DA04BD8287447D600F6BEF5 /* FilterViewController.swift */ = {isa = PBXFileReference; lastKnownFileType = sourcecode.swift; path = FilterViewController.swift; sourceTree = "<group>"; };
		2DA04BDA2874498F00F6BEF5 /* ToolbarPickerView.swift */ = {isa = PBXFileReference; lastKnownFileType = sourcecode.swift; path = ToolbarPickerView.swift; sourceTree = "<group>"; };
		2DA04BDD2874615400F6BEF5 /* FilterContentTableViewCell.swift */ = {isa = PBXFileReference; lastKnownFileType = sourcecode.swift; path = FilterContentTableViewCell.swift; sourceTree = "<group>"; };
		2DA04BDE2874615400F6BEF5 /* FilterContentTableViewCell.xib */ = {isa = PBXFileReference; lastKnownFileType = file.xib; path = FilterContentTableViewCell.xib; sourceTree = "<group>"; };
		2DA04BE12874634800F6BEF5 /* FilterContent.swift */ = {isa = PBXFileReference; lastKnownFileType = sourcecode.swift; path = FilterContent.swift; sourceTree = "<group>"; };
		2DA04BE428746F7F00F6BEF5 /* ContentAuthorView.swift */ = {isa = PBXFileReference; lastKnownFileType = sourcecode.swift; path = ContentAuthorView.swift; sourceTree = "<group>"; };
		2DA04BE628746F8400F6BEF5 /* ContentAuthorView.xib */ = {isa = PBXFileReference; lastKnownFileType = file.xib; path = ContentAuthorView.xib; sourceTree = "<group>"; };
		2DE141CF282AF2F000AD741E /* amplience-sdk-ios-full.app */ = {isa = PBXFileReference; explicitFileType = wrapper.application; includeInIndex = 0; path = "amplience-sdk-ios-full.app"; sourceTree = BUILT_PRODUCTS_DIR; };
		2DE141D2282AF2F000AD741E /* AppDelegate.swift */ = {isa = PBXFileReference; lastKnownFileType = sourcecode.swift; path = AppDelegate.swift; sourceTree = "<group>"; };
		2DE141D4282AF2F000AD741E /* SceneDelegate.swift */ = {isa = PBXFileReference; lastKnownFileType = sourcecode.swift; path = SceneDelegate.swift; sourceTree = "<group>"; };
		2DE141D9282AF2F000AD741E /* Base */ = {isa = PBXFileReference; lastKnownFileType = file.storyboard; name = Base; path = Base.lproj/Main.storyboard; sourceTree = "<group>"; };
		2DE141DB282AF2F100AD741E /* Assets.xcassets */ = {isa = PBXFileReference; lastKnownFileType = folder.assetcatalog; path = Assets.xcassets; sourceTree = "<group>"; };
		2DE141DE282AF2F100AD741E /* Base */ = {isa = PBXFileReference; lastKnownFileType = file.storyboard; name = Base; path = Base.lproj/LaunchScreen.storyboard; sourceTree = "<group>"; };
		2DE141E0282AF2F100AD741E /* Info.plist */ = {isa = PBXFileReference; lastKnownFileType = text.plist.xml; path = Info.plist; sourceTree = "<group>"; };
		2DE141FA282AF30800AD741E /* amplience-sdk-ios.xcodeproj */ = {isa = PBXFileReference; lastKnownFileType = "wrapper.pb-project"; name = "amplience-sdk-ios.xcodeproj"; path = "amplience-sdk-ios/amplience-sdk-ios.xcodeproj"; sourceTree = "<group>"; };
		2DE2B64F285C90780076002D /* MultiContentViewController.swift */ = {isa = PBXFileReference; lastKnownFileType = sourcecode.swift; path = MultiContentViewController.swift; sourceTree = "<group>"; };
		2DE2B651285C92C40076002D /* MultiContent.swift */ = {isa = PBXFileReference; lastKnownFileType = sourcecode.swift; path = MultiContent.swift; sourceTree = "<group>"; };
		2DE2B653285C9F240076002D /* SlidesCarouselTableViewCell.swift */ = {isa = PBXFileReference; lastKnownFileType = sourcecode.swift; path = SlidesCarouselTableViewCell.swift; sourceTree = "<group>"; };
		2DE2B654285C9F240076002D /* SlidesCarouselTableViewCell.xib */ = {isa = PBXFileReference; lastKnownFileType = file.xib; path = SlidesCarouselTableViewCell.xib; sourceTree = "<group>"; };
		2DF41C5D2885C76E00E2642B /* LinkedContent.swift */ = {isa = PBXFileReference; lastKnownFileType = sourcecode.swift; path = LinkedContent.swift; sourceTree = "<group>"; };
		2DF41C8428869DA600E2642B /* amplience-sdk-ios-fullUnitTests.xctest */ = {isa = PBXFileReference; explicitFileType = wrapper.cfbundle; includeInIndex = 0; path = "amplience-sdk-ios-fullUnitTests.xctest"; sourceTree = BUILT_PRODUCTS_DIR; };
		2DF41C8628869DA600E2642B /* amplience_sdk_ios_fullUnitTests.swift */ = {isa = PBXFileReference; lastKnownFileType = sourcecode.swift; path = amplience_sdk_ios_fullUnitTests.swift; sourceTree = "<group>"; };
		325B41299C4319BB52C1D5EC /* Pods_amplience_sdk_ios_fullUnitTests.framework */ = {isa = PBXFileReference; explicitFileType = wrapper.framework; includeInIndex = 0; path = Pods_amplience_sdk_ios_fullUnitTests.framework; sourceTree = BUILT_PRODUCTS_DIR; };
		756E623BE5B9F059DDD9443C /* Pods-amplience-sdk-ios-fullUnitTests.debug.xcconfig */ = {isa = PBXFileReference; includeInIndex = 1; lastKnownFileType = text.xcconfig; name = "Pods-amplience-sdk-ios-fullUnitTests.debug.xcconfig"; path = "Target Support Files/Pods-amplience-sdk-ios-fullUnitTests/Pods-amplience-sdk-ios-fullUnitTests.debug.xcconfig"; sourceTree = "<group>"; };
		B08C2ED5283FA2330000B1AE /* MenuTableViewController.swift */ = {isa = PBXFileReference; lastKnownFileType = sourcecode.swift; path = MenuTableViewController.swift; sourceTree = "<group>"; };
		B08C2ED8283FA36F0000B1AE /* MenuTableViewCell.swift */ = {isa = PBXFileReference; lastKnownFileType = sourcecode.swift; path = MenuTableViewCell.swift; sourceTree = "<group>"; };
		B08C2EDA283FA4040000B1AE /* BannerViewController.swift */ = {isa = PBXFileReference; lastKnownFileType = sourcecode.swift; path = BannerViewController.swift; sourceTree = "<group>"; };
		B08C2EE3283FBDB60000B1AE /* Banner.swift */ = {isa = PBXFileReference; lastKnownFileType = sourcecode.swift; path = Banner.swift; sourceTree = "<group>"; };
		C312AF66168FF12A6685928B /* Pods-amplience-sdk-ios-fullUnitTests.release.xcconfig */ = {isa = PBXFileReference; includeInIndex = 1; lastKnownFileType = text.xcconfig; name = "Pods-amplience-sdk-ios-fullUnitTests.release.xcconfig"; path = "Target Support Files/Pods-amplience-sdk-ios-fullUnitTests/Pods-amplience-sdk-ios-fullUnitTests.release.xcconfig"; sourceTree = "<group>"; };
		E879C05278D8F5595BA42B76 /* Pods_amplience_sdk_ios_full.framework */ = {isa = PBXFileReference; explicitFileType = wrapper.framework; includeInIndex = 0; path = Pods_amplience_sdk_ios_full.framework; sourceTree = BUILT_PRODUCTS_DIR; };
		F7215AA7E00682D693ABA6B5 /* Pods-amplience-sdk-ios-full.release.xcconfig */ = {isa = PBXFileReference; includeInIndex = 1; lastKnownFileType = text.xcconfig; name = "Pods-amplience-sdk-ios-full.release.xcconfig"; path = "Target Support Files/Pods-amplience-sdk-ios-full/Pods-amplience-sdk-ios-full.release.xcconfig"; sourceTree = "<group>"; };
/* End PBXFileReference section */

/* Begin PBXFrameworksBuildPhase section */
		2DE141CC282AF2F000AD741E /* Frameworks */ = {
			isa = PBXFrameworksBuildPhase;
			buildActionMask = 2147483647;
			files = (
				84D969BC47E2D4D655B9E919 /* Pods_amplience_sdk_ios_full.framework in Frameworks */,
			);
			runOnlyForDeploymentPostprocessing = 0;
		};
		2DF41C8128869DA600E2642B /* Frameworks */ = {
			isa = PBXFrameworksBuildPhase;
			buildActionMask = 2147483647;
			files = (
				E4163D502E16F99F18F165A4 /* Pods_amplience_sdk_ios_fullUnitTests.framework in Frameworks */,
			);
			runOnlyForDeploymentPostprocessing = 0;
		};
/* End PBXFrameworksBuildPhase section */

/* Begin PBXGroup section */
		2D6FC18B285A7D41004C861C /* SlideTableViewCell */ = {
			isa = PBXGroup;
			children = (
				2D6FC187285A7D34004C861C /* SlideTableViewCell.swift */,
				2D6FC188285A7D34004C861C /* SlideTableViewCell.xib */,
			);
			path = SlideTableViewCell;
			sourceTree = "<group>";
		};
		2D799F47285CA60A00EA9932 /* SlideCollectionViewCell */ = {
			isa = PBXGroup;
			children = (
				2D92404C2866374800AFBAF4 /* VideoTableViewCell */,
				2D799F48285CA62100EA9932 /* SlideCollectionViewCell.swift */,
				2D799F49285CA62100EA9932 /* SlideCollectionViewCell.xib */,
			);
			path = SlideCollectionViewCell;
			sourceTree = "<group>";
		};
		2D92404C2866374800AFBAF4 /* VideoTableViewCell */ = {
			isa = PBXGroup;
			children = (
				2D924051286638F900AFBAF4 /* VideoTableViewCell.swift */,
				2D924052286638F900AFBAF4 /* VideoTableViewCell.xib */,
			);
			path = VideoTableViewCell;
			sourceTree = "<group>";
		};
		2DA04BDC2874613A00F6BEF5 /* FilterContentTableViewCell */ = {
			isa = PBXGroup;
			children = (
				2DA04BDD2874615400F6BEF5 /* FilterContentTableViewCell.swift */,
				2DA04BDE2874615400F6BEF5 /* FilterContentTableViewCell.xib */,
			);
			path = FilterContentTableViewCell;
			sourceTree = "<group>";
		};
		2DA04BE328746F6B00F6BEF5 /* ContentAuthorView */ = {
			isa = PBXGroup;
			children = (
				2DA04BE428746F7F00F6BEF5 /* ContentAuthorView.swift */,
				2DA04BE628746F8400F6BEF5 /* ContentAuthorView.xib */,
			);
			path = ContentAuthorView;
			sourceTree = "<group>";
		};
		2DE141C6282AF2F000AD741E = {
			isa = PBXGroup;
			children = (
				2D4B1CD2289D6D73007B3CA2 /* .swiftlint.yml */,
				2DE141FA282AF30800AD741E /* amplience-sdk-ios.xcodeproj */,
				2DE141D1282AF2F000AD741E /* amplience-sdk-ios-full */,
				2DF41C8528869DA600E2642B /* amplience-sdk-ios-fullUnitTests */,
				2DE141D0282AF2F000AD741E /* Products */,
				828DA955108266CCC7F456D7 /* Pods */,
				FFAD40EC7F80BDA3571AE113 /* Frameworks */,
			);
			sourceTree = "<group>";
		};
		2DE141D0282AF2F000AD741E /* Products */ = {
			isa = PBXGroup;
			children = (
				2DE141CF282AF2F000AD741E /* amplience-sdk-ios-full.app */,
				2DF41C8428869DA600E2642B /* amplience-sdk-ios-fullUnitTests.xctest */,
			);
			name = Products;
			sourceTree = "<group>";
		};
		2DE141D1282AF2F000AD741E /* amplience-sdk-ios-full */ = {
			isa = PBXGroup;
			children = (
				B08C2EE2283FBDAB0000B1AE /* Example custom model */,
				B08C2EDD283FA4150000B1AE /* Examples */,
				B08C2EDC283FA4080000B1AE /* Main Menu */,
				2DE141D2282AF2F000AD741E /* AppDelegate.swift */,
				2DE141D4282AF2F000AD741E /* SceneDelegate.swift */,
				2DE141D8282AF2F000AD741E /* Main.storyboard */,
				2DE141DB282AF2F100AD741E /* Assets.xcassets */,
				2DE141DD282AF2F100AD741E /* LaunchScreen.storyboard */,
				2DE141E0282AF2F100AD741E /* Info.plist */,
			);
			path = "amplience-sdk-ios-full";
			sourceTree = "<group>";
		};
		2DE141FB282AF30800AD741E /* Products */ = {
			isa = PBXGroup;
			children = (
				2DE141FF282AF30800AD741E /* Amplience.framework */,
			);
			name = Products;
			sourceTree = "<group>";
		};
		2DE2B657285C9F320076002D /* SlidesCarouselTableViewCell */ = {
			isa = PBXGroup;
			children = (
				2DE2B653285C9F240076002D /* SlidesCarouselTableViewCell.swift */,
				2DE2B654285C9F240076002D /* SlidesCarouselTableViewCell.xib */,
			);
			path = SlidesCarouselTableViewCell;
			sourceTree = "<group>";
		};
		2DF41C8528869DA600E2642B /* amplience-sdk-ios-fullUnitTests */ = {
			isa = PBXGroup;
			children = (
				2DF41C8628869DA600E2642B /* amplience_sdk_ios_fullUnitTests.swift */,
			);
			path = "amplience-sdk-ios-fullUnitTests";
			sourceTree = "<group>";
		};
		828DA955108266CCC7F456D7 /* Pods */ = {
			isa = PBXGroup;
			children = (
				1063BCD4E653AA7670627301 /* Pods-amplience-sdk-ios-full.debug.xcconfig */,
				F7215AA7E00682D693ABA6B5 /* Pods-amplience-sdk-ios-full.release.xcconfig */,
				756E623BE5B9F059DDD9443C /* Pods-amplience-sdk-ios-fullUnitTests.debug.xcconfig */,
				C312AF66168FF12A6685928B /* Pods-amplience-sdk-ios-fullUnitTests.release.xcconfig */,
			);
			path = Pods;
			sourceTree = "<group>";
		};
		B08C2EDC283FA4080000B1AE /* Main Menu */ = {
			isa = PBXGroup;
			children = (
				B08C2ED5283FA2330000B1AE /* MenuTableViewController.swift */,
				B08C2ED8283FA36F0000B1AE /* MenuTableViewCell.swift */,
			);
			path = "Main Menu";
			sourceTree = "<group>";
		};
		B08C2EDD283FA4150000B1AE /* Examples */ = {
			isa = PBXGroup;
			children = (
				2DA04BE328746F6B00F6BEF5 /* ContentAuthorView */,
				2DA04BDC2874613A00F6BEF5 /* FilterContentTableViewCell */,
				2D799F47285CA60A00EA9932 /* SlideCollectionViewCell */,
				B08C2EDA283FA4040000B1AE /* BannerViewController.swift */,
				2D6FC185285A7C31004C861C /* SlidesViewController.swift */,
				2D6FC18B285A7D41004C861C /* SlideTableViewCell */,
				2DE2B64F285C90780076002D /* MultiContentViewController.swift */,
				2DE2B657285C9F320076002D /* SlidesCarouselTableViewCell */,
				2DA04BD8287447D600F6BEF5 /* FilterViewController.swift */,
				2DA04BDA2874498F00F6BEF5 /* ToolbarPickerView.swift */,
			);
			path = Examples;
			sourceTree = "<group>";
		};
		B08C2EE2283FBDAB0000B1AE /* Example custom model */ = {
			isa = PBXGroup;
			children = (
				B08C2EE3283FBDB60000B1AE /* Banner.swift */,
				2D6FC18C285A807D004C861C /* Slide.swift */,
				2D6FC18E285A8212004C861C /* ImageItem.swift */,
				2DE2B651285C92C40076002D /* MultiContent.swift */,
				2DA04BE12874634800F6BEF5 /* FilterContent.swift */,
				2DF41C5D2885C76E00E2642B /* LinkedContent.swift */,
			);
			path = "Example custom model";
			sourceTree = "<group>";
		};
		FFAD40EC7F80BDA3571AE113 /* Frameworks */ = {
			isa = PBXGroup;
			children = (
				E879C05278D8F5595BA42B76 /* Pods_amplience_sdk_ios_full.framework */,
				325B41299C4319BB52C1D5EC /* Pods_amplience_sdk_ios_fullUnitTests.framework */,
			);
			name = Frameworks;
			sourceTree = "<group>";
		};
/* End PBXGroup section */

/* Begin PBXNativeTarget section */
		2DE141CE282AF2F000AD741E /* amplience-sdk-ios-full */ = {
			isa = PBXNativeTarget;
			buildConfigurationList = 2DE141E3282AF2F100AD741E /* Build configuration list for PBXNativeTarget "amplience-sdk-ios-full" */;
			buildPhases = (
				2D66A6FC289D592F0093C00E /* Swiftlint */,
				785EB8F461578D16277E2C13 /* [CP] Check Pods Manifest.lock */,
				2DE141CB282AF2F000AD741E /* Sources */,
				2DE141CC282AF2F000AD741E /* Frameworks */,
				2DE141CD282AF2F000AD741E /* Resources */,
			);
			buildRules = (
			);
			dependencies = (
				B075B487284FF0CB00930313 /* PBXTargetDependency */,
			);
			name = "amplience-sdk-ios-full";
			productName = "amplience-sdk-ios-full";
			productReference = 2DE141CF282AF2F000AD741E /* amplience-sdk-ios-full.app */;
			productType = "com.apple.product-type.application";
		};
		2DF41C8328869DA600E2642B /* amplience-sdk-ios-fullUnitTests */ = {
			isa = PBXNativeTarget;
			buildConfigurationList = 2DF41C8C28869DA600E2642B /* Build configuration list for PBXNativeTarget "amplience-sdk-ios-fullUnitTests" */;
			buildPhases = (
				449AF82A27DE9946713438BB /* [CP] Check Pods Manifest.lock */,
				2DF41C8028869DA600E2642B /* Sources */,
				2DF41C8128869DA600E2642B /* Frameworks */,
				2DF41C8228869DA600E2642B /* Resources */,
			);
			buildRules = (
			);
			dependencies = (
				2DF41C8928869DA600E2642B /* PBXTargetDependency */,
			);
			name = "amplience-sdk-ios-fullUnitTests";
			productName = "amplience-sdk-ios-fullUnitTests";
			productReference = 2DF41C8428869DA600E2642B /* amplience-sdk-ios-fullUnitTests.xctest */;
			productType = "com.apple.product-type.bundle.unit-test";
		};
/* End PBXNativeTarget section */

/* Begin PBXProject section */
		2DE141C7282AF2F000AD741E /* Project object */ = {
			isa = PBXProject;
			attributes = {
				BuildIndependentTargetsInParallel = 1;
				LastSwiftUpdateCheck = 1330;
				LastUpgradeCheck = 1330;
				TargetAttributes = {
					2DE141CE282AF2F000AD741E = {
						CreatedOnToolsVersion = 13.3;
					};
					2DF41C8328869DA600E2642B = {
						CreatedOnToolsVersion = 13.3;
						TestTargetID = 2DE141CE282AF2F000AD741E;
					};
				};
			};
			buildConfigurationList = 2DE141CA282AF2F000AD741E /* Build configuration list for PBXProject "amplience-sdk-ios-full" */;
			compatibilityVersion = "Xcode 13.0";
			developmentRegion = en;
			hasScannedForEncodings = 0;
			knownRegions = (
				en,
				Base,
			);
			mainGroup = 2DE141C6282AF2F000AD741E;
			productRefGroup = 2DE141D0282AF2F000AD741E /* Products */;
			projectDirPath = "";
			projectReferences = (
				{
					ProductGroup = 2DE141FB282AF30800AD741E /* Products */;
					ProjectRef = 2DE141FA282AF30800AD741E /* amplience-sdk-ios.xcodeproj */;
				},
			);
			projectRoot = "";
			targets = (
				2DE141CE282AF2F000AD741E /* amplience-sdk-ios-full */,
				2DF41C8328869DA600E2642B /* amplience-sdk-ios-fullUnitTests */,
			);
		};
/* End PBXProject section */

/* Begin PBXReferenceProxy section */
		2DE141FF282AF30800AD741E /* Amplience.framework */ = {
			isa = PBXReferenceProxy;
			fileType = wrapper.framework;
			path = Amplience.framework;
			remoteRef = 2DE141FE282AF30800AD741E /* PBXContainerItemProxy */;
			sourceTree = BUILT_PRODUCTS_DIR;
		};
/* End PBXReferenceProxy section */

/* Begin PBXResourcesBuildPhase section */
		2DE141CD282AF2F000AD741E /* Resources */ = {
			isa = PBXResourcesBuildPhase;
			buildActionMask = 2147483647;
			files = (
				2D4B1CD3289D6D73007B3CA2 /* .swiftlint.yml in Resources */,
				2DA04BE728746F8400F6BEF5 /* ContentAuthorView.xib in Resources */,
				2D924054286638F900AFBAF4 /* VideoTableViewCell.xib in Resources */,
				2D799F4B285CA62100EA9932 /* SlideCollectionViewCell.xib in Resources */,
				2DE141DF282AF2F100AD741E /* LaunchScreen.storyboard in Resources */,
				2DA04BE02874615400F6BEF5 /* FilterContentTableViewCell.xib in Resources */,
				2DE141DC282AF2F100AD741E /* Assets.xcassets in Resources */,
				2DE2B656285C9F240076002D /* SlidesCarouselTableViewCell.xib in Resources */,
				2DE141DA282AF2F000AD741E /* Main.storyboard in Resources */,
				2D6FC18A285A7D34004C861C /* SlideTableViewCell.xib in Resources */,
			);
			runOnlyForDeploymentPostprocessing = 0;
		};
		2DF41C8228869DA600E2642B /* Resources */ = {
			isa = PBXResourcesBuildPhase;
			buildActionMask = 2147483647;
			files = (
			);
			runOnlyForDeploymentPostprocessing = 0;
		};
/* End PBXResourcesBuildPhase section */

/* Begin PBXShellScriptBuildPhase section */
		2D66A6FC289D592F0093C00E /* Swiftlint */ = {
			isa = PBXShellScriptBuildPhase;
			buildActionMask = 12;
			files = (
			);
			inputFileListPaths = (
			);
			inputPaths = (
			);
			name = Swiftlint;
			outputFileListPaths = (
			);
			outputPaths = (
			);
			runOnlyForDeploymentPostprocessing = 0;
			shellPath = /bin/sh;
			shellScript = "if which \"${PODS_ROOT}/SwiftLint/swiftlint\" >/dev/null; then\n  \"${PODS_ROOT}/SwiftLint/swiftlint\"\nelse\n  echo \"warning: SwiftLint not installed, download from https://github.com/realm/SwiftLint\"\nfi\n";
		};
		449AF82A27DE9946713438BB /* [CP] Check Pods Manifest.lock */ = {
			isa = PBXShellScriptBuildPhase;
			buildActionMask = 2147483647;
			files = (
			);
			inputFileListPaths = (
			);
			inputPaths = (
				"${PODS_PODFILE_DIR_PATH}/Podfile.lock",
				"${PODS_ROOT}/Manifest.lock",
			);
			name = "[CP] Check Pods Manifest.lock";
			outputFileListPaths = (
			);
			outputPaths = (
				"$(DERIVED_FILE_DIR)/Pods-amplience-sdk-ios-fullUnitTests-checkManifestLockResult.txt",
			);
			runOnlyForDeploymentPostprocessing = 0;
			shellPath = /bin/sh;
			shellScript = "diff \"${PODS_PODFILE_DIR_PATH}/Podfile.lock\" \"${PODS_ROOT}/Manifest.lock\" > /dev/null\nif [ $? != 0 ] ; then\n    # print error to STDERR\n    echo \"error: The sandbox is not in sync with the Podfile.lock. Run 'pod install' or update your CocoaPods installation.\" >&2\n    exit 1\nfi\n# This output is used by Xcode 'outputs' to avoid re-running this script phase.\necho \"SUCCESS\" > \"${SCRIPT_OUTPUT_FILE_0}\"\n";
			showEnvVarsInLog = 0;
		};
		785EB8F461578D16277E2C13 /* [CP] Check Pods Manifest.lock */ = {
			isa = PBXShellScriptBuildPhase;
			buildActionMask = 2147483647;
			files = (
			);
			inputFileListPaths = (
			);
			inputPaths = (
				"${PODS_PODFILE_DIR_PATH}/Podfile.lock",
				"${PODS_ROOT}/Manifest.lock",
			);
			name = "[CP] Check Pods Manifest.lock";
			outputFileListPaths = (
			);
			outputPaths = (
				"$(DERIVED_FILE_DIR)/Pods-amplience-sdk-ios-full-checkManifestLockResult.txt",
			);
			runOnlyForDeploymentPostprocessing = 0;
			shellPath = /bin/sh;
			shellScript = "diff \"${PODS_PODFILE_DIR_PATH}/Podfile.lock\" \"${PODS_ROOT}/Manifest.lock\" > /dev/null\nif [ $? != 0 ] ; then\n    # print error to STDERR\n    echo \"error: The sandbox is not in sync with the Podfile.lock. Run 'pod install' or update your CocoaPods installation.\" >&2\n    exit 1\nfi\n# This output is used by Xcode 'outputs' to avoid re-running this script phase.\necho \"SUCCESS\" > \"${SCRIPT_OUTPUT_FILE_0}\"\n";
			showEnvVarsInLog = 0;
		};
/* End PBXShellScriptBuildPhase section */

/* Begin PBXSourcesBuildPhase section */
		2DE141CB282AF2F000AD741E /* Sources */ = {
			isa = PBXSourcesBuildPhase;
			buildActionMask = 2147483647;
			files = (
				B08C2EDB283FA4040000B1AE /* BannerViewController.swift in Sources */,
				B08C2ED6283FA2330000B1AE /* MenuTableViewController.swift in Sources */,
				2DE141D3282AF2F000AD741E /* AppDelegate.swift in Sources */,
				B08C2ED9283FA36F0000B1AE /* MenuTableViewCell.swift in Sources */,
				2DA04BDF2874615400F6BEF5 /* FilterContentTableViewCell.swift in Sources */,
				2D6FC18F285A8212004C861C /* ImageItem.swift in Sources */,
				2DA04BE22874634800F6BEF5 /* FilterContent.swift in Sources */,
				2D6FC186285A7C31004C861C /* SlidesViewController.swift in Sources */,
				2DE141D5282AF2F000AD741E /* SceneDelegate.swift in Sources */,
				2DF41C5E2885C76E00E2642B /* LinkedContent.swift in Sources */,
				2D6FC18D285A807D004C861C /* Slide.swift in Sources */,
				2DA04BDB2874498F00F6BEF5 /* ToolbarPickerView.swift in Sources */,
				2DA04BE528746F7F00F6BEF5 /* ContentAuthorView.swift in Sources */,
				2D799F4A285CA62100EA9932 /* SlideCollectionViewCell.swift in Sources */,
				B08C2EE4283FBDB60000B1AE /* Banner.swift in Sources */,
				2DA04BD9287447D600F6BEF5 /* FilterViewController.swift in Sources */,
				2D6FC189285A7D34004C861C /* SlideTableViewCell.swift in Sources */,
				2DE2B650285C90780076002D /* MultiContentViewController.swift in Sources */,
				2DE2B652285C92C40076002D /* MultiContent.swift in Sources */,
				2DE2B655285C9F240076002D /* SlidesCarouselTableViewCell.swift in Sources */,
				2D924053286638F900AFBAF4 /* VideoTableViewCell.swift in Sources */,
			);
			runOnlyForDeploymentPostprocessing = 0;
		};
		2DF41C8028869DA600E2642B /* Sources */ = {
			isa = PBXSourcesBuildPhase;
			buildActionMask = 2147483647;
			files = (
				2DF41C8728869DA600E2642B /* amplience_sdk_ios_fullUnitTests.swift in Sources */,
			);
			runOnlyForDeploymentPostprocessing = 0;
		};
/* End PBXSourcesBuildPhase section */

/* Begin PBXTargetDependency section */
		2DF41C8928869DA600E2642B /* PBXTargetDependency */ = {
			isa = PBXTargetDependency;
			target = 2DE141CE282AF2F000AD741E /* amplience-sdk-ios-full */;
			targetProxy = 2DF41C8828869DA600E2642B /* PBXContainerItemProxy */;
		};
		B075B487284FF0CB00930313 /* PBXTargetDependency */ = {
			isa = PBXTargetDependency;
			name = Amplience;
			targetProxy = B075B486284FF0CB00930313 /* PBXContainerItemProxy */;
		};
/* End PBXTargetDependency section */

/* Begin PBXVariantGroup section */
		2DE141D8282AF2F000AD741E /* Main.storyboard */ = {
			isa = PBXVariantGroup;
			children = (
				2DE141D9282AF2F000AD741E /* Base */,
			);
			name = Main.storyboard;
			sourceTree = "<group>";
		};
		2DE141DD282AF2F100AD741E /* LaunchScreen.storyboard */ = {
			isa = PBXVariantGroup;
			children = (
				2DE141DE282AF2F100AD741E /* Base */,
			);
			name = LaunchScreen.storyboard;
			sourceTree = "<group>";
		};
/* End PBXVariantGroup section */

/* Begin XCBuildConfiguration section */
		2DE141E1282AF2F100AD741E /* Debug */ = {
			isa = XCBuildConfiguration;
			buildSettings = {
				ALWAYS_SEARCH_USER_PATHS = NO;
				CLANG_ANALYZER_NONNULL = YES;
				CLANG_ANALYZER_NUMBER_OBJECT_CONVERSION = YES_AGGRESSIVE;
				CLANG_CXX_LANGUAGE_STANDARD = "gnu++17";
				CLANG_ENABLE_MODULES = YES;
				CLANG_ENABLE_OBJC_ARC = YES;
				CLANG_ENABLE_OBJC_WEAK = YES;
				CLANG_WARN_BLOCK_CAPTURE_AUTORELEASING = YES;
				CLANG_WARN_BOOL_CONVERSION = YES;
				CLANG_WARN_COMMA = YES;
				CLANG_WARN_CONSTANT_CONVERSION = YES;
				CLANG_WARN_DEPRECATED_OBJC_IMPLEMENTATIONS = YES;
				CLANG_WARN_DIRECT_OBJC_ISA_USAGE = YES_ERROR;
				CLANG_WARN_DOCUMENTATION_COMMENTS = YES;
				CLANG_WARN_EMPTY_BODY = YES;
				CLANG_WARN_ENUM_CONVERSION = YES;
				CLANG_WARN_INFINITE_RECURSION = YES;
				CLANG_WARN_INT_CONVERSION = YES;
				CLANG_WARN_NON_LITERAL_NULL_CONVERSION = YES;
				CLANG_WARN_OBJC_IMPLICIT_RETAIN_SELF = YES;
				CLANG_WARN_OBJC_LITERAL_CONVERSION = YES;
				CLANG_WARN_OBJC_ROOT_CLASS = YES_ERROR;
				CLANG_WARN_QUOTED_INCLUDE_IN_FRAMEWORK_HEADER = YES;
				CLANG_WARN_RANGE_LOOP_ANALYSIS = YES;
				CLANG_WARN_STRICT_PROTOTYPES = YES;
				CLANG_WARN_SUSPICIOUS_MOVE = YES;
				CLANG_WARN_UNGUARDED_AVAILABILITY = YES_AGGRESSIVE;
				CLANG_WARN_UNREACHABLE_CODE = YES;
				CLANG_WARN__DUPLICATE_METHOD_MATCH = YES;
				COPY_PHASE_STRIP = NO;
				DEBUG_INFORMATION_FORMAT = dwarf;
				ENABLE_STRICT_OBJC_MSGSEND = YES;
				ENABLE_TESTABILITY = YES;
				GCC_C_LANGUAGE_STANDARD = gnu11;
				GCC_DYNAMIC_NO_PIC = NO;
				GCC_NO_COMMON_BLOCKS = YES;
				GCC_OPTIMIZATION_LEVEL = 0;
				GCC_PREPROCESSOR_DEFINITIONS = (
					"DEBUG=1",
					"$(inherited)",
				);
				GCC_WARN_64_TO_32_BIT_CONVERSION = YES;
				GCC_WARN_ABOUT_RETURN_TYPE = YES_ERROR;
				GCC_WARN_UNDECLARED_SELECTOR = YES;
				GCC_WARN_UNINITIALIZED_AUTOS = YES_AGGRESSIVE;
				GCC_WARN_UNUSED_FUNCTION = YES;
				GCC_WARN_UNUSED_VARIABLE = YES;
				IPHONEOS_DEPLOYMENT_TARGET = 15.2;
				MTL_ENABLE_DEBUG_INFO = INCLUDE_SOURCE;
				MTL_FAST_MATH = YES;
				ONLY_ACTIVE_ARCH = YES;
				SDKROOT = iphoneos;
				SWIFT_ACTIVE_COMPILATION_CONDITIONS = DEBUG;
				SWIFT_OPTIMIZATION_LEVEL = "-Onone";
			};
			name = Debug;
		};
		2DE141E2282AF2F100AD741E /* Release */ = {
			isa = XCBuildConfiguration;
			buildSettings = {
				ALWAYS_SEARCH_USER_PATHS = NO;
				CLANG_ANALYZER_NONNULL = YES;
				CLANG_ANALYZER_NUMBER_OBJECT_CONVERSION = YES_AGGRESSIVE;
				CLANG_CXX_LANGUAGE_STANDARD = "gnu++17";
				CLANG_ENABLE_MODULES = YES;
				CLANG_ENABLE_OBJC_ARC = YES;
				CLANG_ENABLE_OBJC_WEAK = YES;
				CLANG_WARN_BLOCK_CAPTURE_AUTORELEASING = YES;
				CLANG_WARN_BOOL_CONVERSION = YES;
				CLANG_WARN_COMMA = YES;
				CLANG_WARN_CONSTANT_CONVERSION = YES;
				CLANG_WARN_DEPRECATED_OBJC_IMPLEMENTATIONS = YES;
				CLANG_WARN_DIRECT_OBJC_ISA_USAGE = YES_ERROR;
				CLANG_WARN_DOCUMENTATION_COMMENTS = YES;
				CLANG_WARN_EMPTY_BODY = YES;
				CLANG_WARN_ENUM_CONVERSION = YES;
				CLANG_WARN_INFINITE_RECURSION = YES;
				CLANG_WARN_INT_CONVERSION = YES;
				CLANG_WARN_NON_LITERAL_NULL_CONVERSION = YES;
				CLANG_WARN_OBJC_IMPLICIT_RETAIN_SELF = YES;
				CLANG_WARN_OBJC_LITERAL_CONVERSION = YES;
				CLANG_WARN_OBJC_ROOT_CLASS = YES_ERROR;
				CLANG_WARN_QUOTED_INCLUDE_IN_FRAMEWORK_HEADER = YES;
				CLANG_WARN_RANGE_LOOP_ANALYSIS = YES;
				CLANG_WARN_STRICT_PROTOTYPES = YES;
				CLANG_WARN_SUSPICIOUS_MOVE = YES;
				CLANG_WARN_UNGUARDED_AVAILABILITY = YES_AGGRESSIVE;
				CLANG_WARN_UNREACHABLE_CODE = YES;
				CLANG_WARN__DUPLICATE_METHOD_MATCH = YES;
				COPY_PHASE_STRIP = NO;
				DEBUG_INFORMATION_FORMAT = "dwarf-with-dsym";
				ENABLE_NS_ASSERTIONS = NO;
				ENABLE_STRICT_OBJC_MSGSEND = YES;
				GCC_C_LANGUAGE_STANDARD = gnu11;
				GCC_NO_COMMON_BLOCKS = YES;
				GCC_WARN_64_TO_32_BIT_CONVERSION = YES;
				GCC_WARN_ABOUT_RETURN_TYPE = YES_ERROR;
				GCC_WARN_UNDECLARED_SELECTOR = YES;
				GCC_WARN_UNINITIALIZED_AUTOS = YES_AGGRESSIVE;
				GCC_WARN_UNUSED_FUNCTION = YES;
				GCC_WARN_UNUSED_VARIABLE = YES;
				IPHONEOS_DEPLOYMENT_TARGET = 15.2;
				MTL_ENABLE_DEBUG_INFO = NO;
				MTL_FAST_MATH = YES;
				SDKROOT = iphoneos;
				SWIFT_COMPILATION_MODE = wholemodule;
				SWIFT_OPTIMIZATION_LEVEL = "-O";
				VALIDATE_PRODUCT = YES;
			};
			name = Release;
		};
		2DE141E4282AF2F100AD741E /* Debug */ = {
			isa = XCBuildConfiguration;
			baseConfigurationReference = 1063BCD4E653AA7670627301 /* Pods-amplience-sdk-ios-full.debug.xcconfig */;
			buildSettings = {
				ASSETCATALOG_COMPILER_APPICON_NAME = AppIcon;
				ASSETCATALOG_COMPILER_GLOBAL_ACCENT_COLOR_NAME = AccentColor;
				CODE_SIGN_STYLE = Automatic;
				CURRENT_PROJECT_VERSION = 1;
				DEVELOPMENT_TEAM = RA4XCDZCJ8;
				GENERATE_INFOPLIST_FILE = YES;
				INFOPLIST_FILE = "amplience-sdk-ios-full/Info.plist";
				INFOPLIST_KEY_UIApplicationSupportsIndirectInputEvents = YES;
				INFOPLIST_KEY_UILaunchStoryboardName = LaunchScreen;
				INFOPLIST_KEY_UIMainStoryboardFile = Main;
				INFOPLIST_KEY_UISupportedInterfaceOrientations_iPad = "UIInterfaceOrientationPortrait UIInterfaceOrientationPortraitUpsideDown UIInterfaceOrientationLandscapeLeft UIInterfaceOrientationLandscapeRight";
				INFOPLIST_KEY_UISupportedInterfaceOrientations_iPhone = "UIInterfaceOrientationPortrait UIInterfaceOrientationLandscapeLeft UIInterfaceOrientationLandscapeRight";
				IPHONEOS_DEPLOYMENT_TARGET = 15.2;
				LD_RUNPATH_SEARCH_PATHS = (
					"$(inherited)",
					"@executable_path/Frameworks",
				);
				MARKETING_VERSION = 1.0;
				PRODUCT_BUNDLE_IDENTIFIER = "com.nebula.amplience-sdk-ios-full";
				PRODUCT_NAME = "$(TARGET_NAME)";
				SWIFT_EMIT_LOC_STRINGS = YES;
				SWIFT_VERSION = 5.0;
				TARGETED_DEVICE_FAMILY = "1,2";
			};
			name = Debug;
		};
		2DE141E5282AF2F100AD741E /* Release */ = {
			isa = XCBuildConfiguration;
			baseConfigurationReference = F7215AA7E00682D693ABA6B5 /* Pods-amplience-sdk-ios-full.release.xcconfig */;
			buildSettings = {
				ASSETCATALOG_COMPILER_APPICON_NAME = AppIcon;
				ASSETCATALOG_COMPILER_GLOBAL_ACCENT_COLOR_NAME = AccentColor;
				CODE_SIGN_STYLE = Automatic;
				CURRENT_PROJECT_VERSION = 1;
				DEVELOPMENT_TEAM = RA4XCDZCJ8;
				GENERATE_INFOPLIST_FILE = YES;
				INFOPLIST_FILE = "amplience-sdk-ios-full/Info.plist";
				INFOPLIST_KEY_UIApplicationSupportsIndirectInputEvents = YES;
				INFOPLIST_KEY_UILaunchStoryboardName = LaunchScreen;
				INFOPLIST_KEY_UIMainStoryboardFile = Main;
				INFOPLIST_KEY_UISupportedInterfaceOrientations_iPad = "UIInterfaceOrientationPortrait UIInterfaceOrientationPortraitUpsideDown UIInterfaceOrientationLandscapeLeft UIInterfaceOrientationLandscapeRight";
				INFOPLIST_KEY_UISupportedInterfaceOrientations_iPhone = "UIInterfaceOrientationPortrait UIInterfaceOrientationLandscapeLeft UIInterfaceOrientationLandscapeRight";
				IPHONEOS_DEPLOYMENT_TARGET = 15.2;
				LD_RUNPATH_SEARCH_PATHS = (
					"$(inherited)",
					"@executable_path/Frameworks",
				);
				MARKETING_VERSION = 1.0;
				PRODUCT_BUNDLE_IDENTIFIER = "com.nebula.amplience-sdk-ios-full";
				PRODUCT_NAME = "$(TARGET_NAME)";
				SWIFT_EMIT_LOC_STRINGS = YES;
				SWIFT_VERSION = 5.0;
				TARGETED_DEVICE_FAMILY = "1,2";
			};
			name = Release;
		};
		2DF41C8A28869DA600E2642B /* Debug */ = {
			isa = XCBuildConfiguration;
			baseConfigurationReference = 756E623BE5B9F059DDD9443C /* Pods-amplience-sdk-ios-fullUnitTests.debug.xcconfig */;
			buildSettings = {
				BUNDLE_LOADER = "$(TEST_HOST)";
				CODE_SIGN_STYLE = Automatic;
				CURRENT_PROJECT_VERSION = 1;
				DEVELOPMENT_TEAM = RA4XCDZCJ8;
				GENERATE_INFOPLIST_FILE = YES;
				IPHONEOS_DEPLOYMENT_TARGET = 15.2;
				MARKETING_VERSION = 1.0;
				PRODUCT_BUNDLE_IDENTIFIER = "com.nebula.amplience-sdk-ios-fullUnitTests";
				PRODUCT_NAME = "$(TARGET_NAME)";
				SWIFT_EMIT_LOC_STRINGS = NO;
				SWIFT_VERSION = 5.0;
				TARGETED_DEVICE_FAMILY = "1,2";
				TEST_HOST = "$(BUILT_PRODUCTS_DIR)/amplience-sdk-ios-full.app/amplience-sdk-ios-full";
			};
			name = Debug;
		};
		2DF41C8B28869DA600E2642B /* Release */ = {
			isa = XCBuildConfiguration;
			baseConfigurationReference = C312AF66168FF12A6685928B /* Pods-amplience-sdk-ios-fullUnitTests.release.xcconfig */;
			buildSettings = {
				BUNDLE_LOADER = "$(TEST_HOST)";
				CODE_SIGN_STYLE = Automatic;
				CURRENT_PROJECT_VERSION = 1;
				DEVELOPMENT_TEAM = RA4XCDZCJ8;
				GENERATE_INFOPLIST_FILE = YES;
				IPHONEOS_DEPLOYMENT_TARGET = 15.2;
				MARKETING_VERSION = 1.0;
				PRODUCT_BUNDLE_IDENTIFIER = "com.nebula.amplience-sdk-ios-fullUnitTests";
				PRODUCT_NAME = "$(TARGET_NAME)";
				SWIFT_EMIT_LOC_STRINGS = NO;
				SWIFT_VERSION = 5.0;
				TARGETED_DEVICE_FAMILY = "1,2";
				TEST_HOST = "$(BUILT_PRODUCTS_DIR)/amplience-sdk-ios-full.app/amplience-sdk-ios-full";
			};
			name = Release;
		};
/* End XCBuildConfiguration section */

/* Begin XCConfigurationList section */
		2DE141CA282AF2F000AD741E /* Build configuration list for PBXProject "amplience-sdk-ios-full" */ = {
			isa = XCConfigurationList;
			buildConfigurations = (
				2DE141E1282AF2F100AD741E /* Debug */,
				2DE141E2282AF2F100AD741E /* Release */,
			);
			defaultConfigurationIsVisible = 0;
			defaultConfigurationName = Release;
		};
		2DE141E3282AF2F100AD741E /* Build configuration list for PBXNativeTarget "amplience-sdk-ios-full" */ = {
			isa = XCConfigurationList;
			buildConfigurations = (
				2DE141E4282AF2F100AD741E /* Debug */,
				2DE141E5282AF2F100AD741E /* Release */,
			);
			defaultConfigurationIsVisible = 0;
			defaultConfigurationName = Release;
		};
		2DF41C8C28869DA600E2642B /* Build configuration list for PBXNativeTarget "amplience-sdk-ios-fullUnitTests" */ = {
			isa = XCConfigurationList;
			buildConfigurations = (
				2DF41C8A28869DA600E2642B /* Debug */,
				2DF41C8B28869DA600E2642B /* Release */,
			);
			defaultConfigurationIsVisible = 0;
			defaultConfigurationName = Release;
		};
/* End XCConfigurationList section */
	};
	rootObject = 2DE141C7282AF2F000AD741E /* Project object */;
}
