// !$*UTF8*$!
{
	archiveVersion = 1;
	classes = {
	};
	objectVersion = 55;
	objects = {

/* Begin PBXBuildFile section */
		2D5060CB285391B2007E8DF3 /* ImageLoader.swift in Sources */ = {isa = PBXBuildFile; fileRef = 2D5060CA285391B2007E8DF3 /* ImageLoader.swift */; };
		2DE141F4282AF30800AD741E /* amplience_sdk_ios.h in Headers */ = {isa = PBXBuildFile; fileRef = 2DE141F3282AF30800AD741E /* amplience_sdk_ios.h */; settings = {ATTRIBUTES = (Public, ); }; };
		B0262B6D2834DFA200510C8F /* AmplienceManager.swift in Sources */ = {isa = PBXBuildFile; fileRef = B0262B6C2834DFA200510C8F /* AmplienceManager.swift */; };
		B0262B702834E6DD00510C8F /* ContentResponse.swift in Sources */ = {isa = PBXBuildFile; fileRef = B0262B6F2834E6DD00510C8F /* ContentResponse.swift */; };
		B0262B722834E78500510C8F /* ContentRequest.swift in Sources */ = {isa = PBXBuildFile; fileRef = B0262B712834E78500510C8F /* ContentRequest.swift */; };
		B0262B742834E7BB00510C8F /* Request.swift in Sources */ = {isa = PBXBuildFile; fileRef = B0262B732834E7BB00510C8F /* Request.swift */; };
		B0262B782834E80600510C8F /* Parameters.swift in Sources */ = {isa = PBXBuildFile; fileRef = B0262B772834E80600510C8F /* Parameters.swift */; };
		B0262B7A2834E85400510C8F /* FilterBy.swift in Sources */ = {isa = PBXBuildFile; fileRef = B0262B792834E85400510C8F /* FilterBy.swift */; };
		B0262B7C2834E88900510C8F /* FilterRequest.swift in Sources */ = {isa = PBXBuildFile; fileRef = B0262B7B2834E88900510C8F /* FilterRequest.swift */; };
		B0262B7E2834E8B100510C8F /* Page.swift in Sources */ = {isa = PBXBuildFile; fileRef = B0262B7D2834E8B100510C8F /* Page.swift */; };
		B0262B802834E8CE00510C8F /* PageData.swift in Sources */ = {isa = PBXBuildFile; fileRef = B0262B7F2834E8CE00510C8F /* PageData.swift */; };
		B0262B822834E8F800510C8F /* PagedResponse.swift in Sources */ = {isa = PBXBuildFile; fileRef = B0262B812834E8F800510C8F /* PagedResponse.swift */; };
		B0262B842834E91900510C8F /* SortBy.swift in Sources */ = {isa = PBXBuildFile; fileRef = B0262B832834E91900510C8F /* SortBy.swift */; };
		B0262B872834E9B100510C8F /* Blur.swift in Sources */ = {isa = PBXBuildFile; fileRef = B0262B862834E9B100510C8F /* Blur.swift */; };
		B0262B892834E9CD00510C8F /* ColorSpace.swift in Sources */ = {isa = PBXBuildFile; fileRef = B0262B882834E9CD00510C8F /* ColorSpace.swift */; };
		B0262B8B2834EB3D00510C8F /* CompositeMode.swift in Sources */ = {isa = PBXBuildFile; fileRef = B0262B8A2834EB3D00510C8F /* CompositeMode.swift */; };
		B0262B8D2834EB8C00510C8F /* Crop.swift in Sources */ = {isa = PBXBuildFile; fileRef = B0262B8C2834EB8C00510C8F /* Crop.swift */; };
		B0262B8F2834ED5000510C8F /* DpiFilter.swift in Sources */ = {isa = PBXBuildFile; fileRef = B0262B8E2834ED5000510C8F /* DpiFilter.swift */; };
		B0262B912834ED7300510C8F /* EdgeCrop.swift in Sources */ = {isa = PBXBuildFile; fileRef = B0262B902834ED7300510C8F /* EdgeCrop.swift */; };
		B0262B932834EDA700510C8F /* Format.swift in Sources */ = {isa = PBXBuildFile; fileRef = B0262B922834EDA700510C8F /* Format.swift */; };
		B0262B952834EE3A00510C8F /* FormatQuality.swift in Sources */ = {isa = PBXBuildFile; fileRef = B0262B942834EE3A00510C8F /* FormatQuality.swift */; };
		B0262B9728352E7E00510C8F /* ImageUrlBuilder.swift in Sources */ = {isa = PBXBuildFile; fileRef = B0262B9628352E7E00510C8F /* ImageUrlBuilder.swift */; };
		B0262B992835301300510C8F /* ResizeAlgorithm.swift in Sources */ = {isa = PBXBuildFile; fileRef = B0262B982835301300510C8F /* ResizeAlgorithm.swift */; };
		B0262B9B2835304600510C8F /* ScaleFit.swift in Sources */ = {isa = PBXBuildFile; fileRef = B0262B9A2835304600510C8F /* ScaleFit.swift */; };
		B0262B9D2835314E00510C8F /* ScaleMode.swift in Sources */ = {isa = PBXBuildFile; fileRef = B0262B9C2835314E00510C8F /* ScaleMode.swift */; };
		B0262B9F2835315C00510C8F /* Unsharp.swift in Sources */ = {isa = PBXBuildFile; fileRef = B0262B9E2835315C00510C8F /* Unsharp.swift */; };
		B0262BA12835317B00510C8F /* Upscale.swift in Sources */ = {isa = PBXBuildFile; fileRef = B0262BA02835317B00510C8F /* Upscale.swift */; };
		B0262BA3283537B100510C8F /* EdgeType.swift in Sources */ = {isa = PBXBuildFile; fileRef = B0262BA2283537B100510C8F /* EdgeType.swift */; };
		B0262BA628353A9500510C8F /* AmplienceImage.swift in Sources */ = {isa = PBXBuildFile; fileRef = B0262BA528353A9500510C8F /* AmplienceImage.swift */; };
		B08C2EBF283F85F00000B1AE /* TextLayer.swift in Sources */ = {isa = PBXBuildFile; fileRef = B08C2EBE283F85F00000B1AE /* TextLayer.swift */; };
		B08C2EC1283F860B0000B1AE /* Layer.swift in Sources */ = {isa = PBXBuildFile; fileRef = B08C2EC0283F860B0000B1AE /* Layer.swift */; };
		B08C2EC3283F882D0000B1AE /* TextAttributes.swift in Sources */ = {isa = PBXBuildFile; fileRef = B08C2EC2283F882D0000B1AE /* TextAttributes.swift */; };
		B08C2EC5283F8B720000B1AE /* Anchor.swift in Sources */ = {isa = PBXBuildFile; fileRef = B08C2EC4283F8B720000B1AE /* Anchor.swift */; };
		B08C2EC7283F8BE10000B1AE /* ImageLayer.swift in Sources */ = {isa = PBXBuildFile; fileRef = B08C2EC6283F8BE10000B1AE /* ImageLayer.swift */; };
		B08C2ECE283F95BD0000B1AE /* BaseRequest.swift in Sources */ = {isa = PBXBuildFile; fileRef = B08C2ECD283F95BD0000B1AE /* BaseRequest.swift */; };
		B08C2ED0283F95D30000B1AE /* NetworkingError.swift in Sources */ = {isa = PBXBuildFile; fileRef = B08C2ECF283F95D30000B1AE /* NetworkingError.swift */; };
		B08C2ED4283FA0250000B1AE /* AnyCodable.swift in Sources */ = {isa = PBXBuildFile; fileRef = B08C2ED3283FA0250000B1AE /* AnyCodable.swift */; };
		B08C2EE1283FADBF0000B1AE /* AmplienceVideo.swift in Sources */ = {isa = PBXBuildFile; fileRef = B08C2EE0283FADBF0000B1AE /* AmplienceVideo.swift */; };
/* End PBXBuildFile section */

/* Begin PBXFileReference section */
		2D5060CA285391B2007E8DF3 /* ImageLoader.swift */ = {isa = PBXFileReference; lastKnownFileType = sourcecode.swift; path = ImageLoader.swift; sourceTree = "<group>"; };
		2DE141F0282AF30800AD741E /* Amplience.framework */ = {isa = PBXFileReference; explicitFileType = wrapper.framework; includeInIndex = 0; path = Amplience.framework; sourceTree = BUILT_PRODUCTS_DIR; };
		2DE141F3282AF30800AD741E /* amplience_sdk_ios.h */ = {isa = PBXFileReference; lastKnownFileType = sourcecode.c.h; path = amplience_sdk_ios.h; sourceTree = "<group>"; };
		B0262B6C2834DFA200510C8F /* AmplienceManager.swift */ = {isa = PBXFileReference; lastKnownFileType = sourcecode.swift; path = AmplienceManager.swift; sourceTree = "<group>"; };
		B0262B6F2834E6DD00510C8F /* ContentResponse.swift */ = {isa = PBXFileReference; lastKnownFileType = sourcecode.swift; path = ContentResponse.swift; sourceTree = "<group>"; };
		B0262B712834E78500510C8F /* ContentRequest.swift */ = {isa = PBXFileReference; lastKnownFileType = sourcecode.swift; path = ContentRequest.swift; sourceTree = "<group>"; };
		B0262B732834E7BB00510C8F /* Request.swift */ = {isa = PBXFileReference; lastKnownFileType = sourcecode.swift; path = Request.swift; sourceTree = "<group>"; };
		B0262B772834E80600510C8F /* Parameters.swift */ = {isa = PBXFileReference; lastKnownFileType = sourcecode.swift; path = Parameters.swift; sourceTree = "<group>"; };
		B0262B792834E85400510C8F /* FilterBy.swift */ = {isa = PBXFileReference; lastKnownFileType = sourcecode.swift; path = FilterBy.swift; sourceTree = "<group>"; };
		B0262B7B2834E88900510C8F /* FilterRequest.swift */ = {isa = PBXFileReference; lastKnownFileType = sourcecode.swift; path = FilterRequest.swift; sourceTree = "<group>"; };
		B0262B7D2834E8B100510C8F /* Page.swift */ = {isa = PBXFileReference; lastKnownFileType = sourcecode.swift; path = Page.swift; sourceTree = "<group>"; };
		B0262B7F2834E8CE00510C8F /* PageData.swift */ = {isa = PBXFileReference; lastKnownFileType = sourcecode.swift; path = PageData.swift; sourceTree = "<group>"; };
		B0262B812834E8F800510C8F /* PagedResponse.swift */ = {isa = PBXFileReference; lastKnownFileType = sourcecode.swift; path = PagedResponse.swift; sourceTree = "<group>"; };
		B0262B832834E91900510C8F /* SortBy.swift */ = {isa = PBXFileReference; lastKnownFileType = sourcecode.swift; path = SortBy.swift; sourceTree = "<group>"; };
		B0262B862834E9B100510C8F /* Blur.swift */ = {isa = PBXFileReference; lastKnownFileType = sourcecode.swift; path = Blur.swift; sourceTree = "<group>"; };
		B0262B882834E9CD00510C8F /* ColorSpace.swift */ = {isa = PBXFileReference; lastKnownFileType = sourcecode.swift; path = ColorSpace.swift; sourceTree = "<group>"; };
		B0262B8A2834EB3D00510C8F /* CompositeMode.swift */ = {isa = PBXFileReference; lastKnownFileType = sourcecode.swift; path = CompositeMode.swift; sourceTree = "<group>"; };
		B0262B8C2834EB8C00510C8F /* Crop.swift */ = {isa = PBXFileReference; lastKnownFileType = sourcecode.swift; path = Crop.swift; sourceTree = "<group>"; };
		B0262B8E2834ED5000510C8F /* DpiFilter.swift */ = {isa = PBXFileReference; lastKnownFileType = sourcecode.swift; path = DpiFilter.swift; sourceTree = "<group>"; };
		B0262B902834ED7300510C8F /* EdgeCrop.swift */ = {isa = PBXFileReference; lastKnownFileType = sourcecode.swift; path = EdgeCrop.swift; sourceTree = "<group>"; };
		B0262B922834EDA700510C8F /* Format.swift */ = {isa = PBXFileReference; lastKnownFileType = sourcecode.swift; path = Format.swift; sourceTree = "<group>"; };
		B0262B942834EE3A00510C8F /* FormatQuality.swift */ = {isa = PBXFileReference; lastKnownFileType = sourcecode.swift; path = FormatQuality.swift; sourceTree = "<group>"; };
		B0262B9628352E7E00510C8F /* ImageUrlBuilder.swift */ = {isa = PBXFileReference; lastKnownFileType = sourcecode.swift; path = ImageUrlBuilder.swift; sourceTree = "<group>"; };
		B0262B982835301300510C8F /* ResizeAlgorithm.swift */ = {isa = PBXFileReference; lastKnownFileType = sourcecode.swift; path = ResizeAlgorithm.swift; sourceTree = "<group>"; };
		B0262B9A2835304600510C8F /* ScaleFit.swift */ = {isa = PBXFileReference; lastKnownFileType = sourcecode.swift; path = ScaleFit.swift; sourceTree = "<group>"; };
		B0262B9C2835314E00510C8F /* ScaleMode.swift */ = {isa = PBXFileReference; lastKnownFileType = sourcecode.swift; path = ScaleMode.swift; sourceTree = "<group>"; };
		B0262B9E2835315C00510C8F /* Unsharp.swift */ = {isa = PBXFileReference; lastKnownFileType = sourcecode.swift; path = Unsharp.swift; sourceTree = "<group>"; };
		B0262BA02835317B00510C8F /* Upscale.swift */ = {isa = PBXFileReference; lastKnownFileType = sourcecode.swift; path = Upscale.swift; sourceTree = "<group>"; };
		B0262BA2283537B100510C8F /* EdgeType.swift */ = {isa = PBXFileReference; lastKnownFileType = sourcecode.swift; path = EdgeType.swift; sourceTree = "<group>"; };
		B0262BA528353A9500510C8F /* AmplienceImage.swift */ = {isa = PBXFileReference; lastKnownFileType = sourcecode.swift; path = AmplienceImage.swift; sourceTree = "<group>"; };
		B08C2EBE283F85F00000B1AE /* TextLayer.swift */ = {isa = PBXFileReference; lastKnownFileType = sourcecode.swift; path = TextLayer.swift; sourceTree = "<group>"; };
		B08C2EC0283F860B0000B1AE /* Layer.swift */ = {isa = PBXFileReference; lastKnownFileType = sourcecode.swift; path = Layer.swift; sourceTree = "<group>"; };
		B08C2EC2283F882D0000B1AE /* TextAttributes.swift */ = {isa = PBXFileReference; lastKnownFileType = sourcecode.swift; path = TextAttributes.swift; sourceTree = "<group>"; };
		B08C2EC4283F8B720000B1AE /* Anchor.swift */ = {isa = PBXFileReference; lastKnownFileType = sourcecode.swift; path = Anchor.swift; sourceTree = "<group>"; };
		B08C2EC6283F8BE10000B1AE /* ImageLayer.swift */ = {isa = PBXFileReference; lastKnownFileType = sourcecode.swift; path = ImageLayer.swift; sourceTree = "<group>"; };
		B08C2ECD283F95BD0000B1AE /* BaseRequest.swift */ = {isa = PBXFileReference; lastKnownFileType = sourcecode.swift; path = BaseRequest.swift; sourceTree = "<group>"; };
		B08C2ECF283F95D30000B1AE /* NetworkingError.swift */ = {isa = PBXFileReference; lastKnownFileType = sourcecode.swift; path = NetworkingError.swift; sourceTree = "<group>"; };
		B08C2ED3283FA0250000B1AE /* AnyCodable.swift */ = {isa = PBXFileReference; lastKnownFileType = sourcecode.swift; path = AnyCodable.swift; sourceTree = "<group>"; };
		B08C2EE0283FADBF0000B1AE /* AmplienceVideo.swift */ = {isa = PBXFileReference; lastKnownFileType = sourcecode.swift; path = AmplienceVideo.swift; sourceTree = "<group>"; };
/* End PBXFileReference section */

/* Begin PBXFrameworksBuildPhase section */
		2DE141ED282AF30800AD741E /* Frameworks */ = {
			isa = PBXFrameworksBuildPhase;
			buildActionMask = 2147483647;
			files = (
			);
			runOnlyForDeploymentPostprocessing = 0;
		};
/* End PBXFrameworksBuildPhase section */

/* Begin PBXGroup section */
		2D5060C9285391A3007E8DF3 /* Helpers */ = {
			isa = PBXGroup;
			children = (
				2D5060CA285391B2007E8DF3 /* ImageLoader.swift */,
			);
			path = Helpers;
			sourceTree = "<group>";
		};
		2DE141E6282AF30800AD741E = {
			isa = PBXGroup;
			children = (
				2DE141F2282AF30800AD741E /* amplience-sdk-ios */,
				2DE141F1282AF30800AD741E /* Products */,
			);
			sourceTree = "<group>";
		};
		2DE141F1282AF30800AD741E /* Products */ = {
			isa = PBXGroup;
			children = (
				2DE141F0282AF30800AD741E /* Amplience.framework */,
			);
			name = Products;
			sourceTree = "<group>";
		};
		2DE141F2282AF30800AD741E /* amplience-sdk-ios */ = {
			isa = PBXGroup;
			children = (
				2D5060C9285391A3007E8DF3 /* Helpers */,
				B08C2ECA283F934C0000B1AE /* Network */,
				B0262BA428353A8F00510C8F /* Media */,
				B0262B6E2834E6CC00510C8F /* Models */,
				2DE141F3282AF30800AD741E /* amplience_sdk_ios.h */,
				B0262B6C2834DFA200510C8F /* AmplienceManager.swift */,
			);
			path = "amplience-sdk-ios";
			sourceTree = "<group>";
		};
		B0262B6E2834E6CC00510C8F /* Models */ = {
			isa = PBXGroup;
			children = (
				B0262B852834E9A400510C8F /* Image handling */,
				B0262B6F2834E6DD00510C8F /* ContentResponse.swift */,
				B0262B712834E78500510C8F /* ContentRequest.swift */,
				B0262B732834E7BB00510C8F /* Request.swift */,
				B0262B772834E80600510C8F /* Parameters.swift */,
				B0262B792834E85400510C8F /* FilterBy.swift */,
				B0262B7B2834E88900510C8F /* FilterRequest.swift */,
				B0262B7D2834E8B100510C8F /* Page.swift */,
				B0262B7F2834E8CE00510C8F /* PageData.swift */,
				B0262B812834E8F800510C8F /* PagedResponse.swift */,
				B0262B832834E91900510C8F /* SortBy.swift */,
				B08C2ED3283FA0250000B1AE /* AnyCodable.swift */,
			);
			path = Models;
			sourceTree = "<group>";
		};
		B0262B852834E9A400510C8F /* Image handling */ = {
			isa = PBXGroup;
			children = (
				B0262B862834E9B100510C8F /* Blur.swift */,
				B0262B882834E9CD00510C8F /* ColorSpace.swift */,
				B0262B8A2834EB3D00510C8F /* CompositeMode.swift */,
				B0262B8C2834EB8C00510C8F /* Crop.swift */,
				B0262B8E2834ED5000510C8F /* DpiFilter.swift */,
				B0262B902834ED7300510C8F /* EdgeCrop.swift */,
				B0262B922834EDA700510C8F /* Format.swift */,
				B0262B942834EE3A00510C8F /* FormatQuality.swift */,
				B0262B9628352E7E00510C8F /* ImageUrlBuilder.swift */,
				B0262B982835301300510C8F /* ResizeAlgorithm.swift */,
				B0262B9A2835304600510C8F /* ScaleFit.swift */,
				B0262B9C2835314E00510C8F /* ScaleMode.swift */,
				B0262B9E2835315C00510C8F /* Unsharp.swift */,
				B0262BA02835317B00510C8F /* Upscale.swift */,
				B0262BA2283537B100510C8F /* EdgeType.swift */,
				B08C2EBE283F85F00000B1AE /* TextLayer.swift */,
				B08C2EC0283F860B0000B1AE /* Layer.swift */,
				B08C2EC2283F882D0000B1AE /* TextAttributes.swift */,
				B08C2EC4283F8B720000B1AE /* Anchor.swift */,
				B08C2EC6283F8BE10000B1AE /* ImageLayer.swift */,
			);
			path = "Image handling";
			sourceTree = "<group>";
		};
		B0262BA428353A8F00510C8F /* Media */ = {
			isa = PBXGroup;
			children = (
				B0262BA528353A9500510C8F /* AmplienceImage.swift */,
				B08C2EE0283FADBF0000B1AE /* AmplienceVideo.swift */,
			);
			path = Media;
			sourceTree = "<group>";
		};
		B08C2ECA283F934C0000B1AE /* Network */ = {
			isa = PBXGroup;
			children = (
				B08C2ECD283F95BD0000B1AE /* BaseRequest.swift */,
				B08C2ECF283F95D30000B1AE /* NetworkingError.swift */,
			);
			path = Network;
			sourceTree = "<group>";
		};
/* End PBXGroup section */

/* Begin PBXHeadersBuildPhase section */
		2DE141EB282AF30800AD741E /* Headers */ = {
			isa = PBXHeadersBuildPhase;
			buildActionMask = 2147483647;
			files = (
				2DE141F4282AF30800AD741E /* amplience_sdk_ios.h in Headers */,
			);
			runOnlyForDeploymentPostprocessing = 0;
		};
/* End PBXHeadersBuildPhase section */

/* Begin PBXNativeTarget section */
		2DE141EF282AF30800AD741E /* Amplience */ = {
			isa = PBXNativeTarget;
			buildConfigurationList = 2DE141F7282AF30800AD741E /* Build configuration list for PBXNativeTarget "Amplience" */;
			buildPhases = (
				2DE141EB282AF30800AD741E /* Headers */,
				2DE141EC282AF30800AD741E /* Sources */,
				2DE141ED282AF30800AD741E /* Frameworks */,
				2DE141EE282AF30800AD741E /* Resources */,
			);
			buildRules = (
			);
			dependencies = (
			);
			name = Amplience;
			productName = "amplience-sdk-ios";
			productReference = 2DE141F0282AF30800AD741E /* Amplience.framework */;
			productType = "com.apple.product-type.framework";
		};
/* End PBXNativeTarget section */

/* Begin PBXProject section */
		2DE141E7282AF30800AD741E /* Project object */ = {
			isa = PBXProject;
			attributes = {
				BuildIndependentTargetsInParallel = 1;
				LastUpgradeCheck = 1330;
				TargetAttributes = {
					2DE141EF282AF30800AD741E = {
						CreatedOnToolsVersion = 13.3;
						LastSwiftMigration = 1340;
					};
				};
			};
			buildConfigurationList = 2DE141EA282AF30800AD741E /* Build configuration list for PBXProject "amplience-sdk-ios" */;
			compatibilityVersion = "Xcode 13.0";
			developmentRegion = en;
			hasScannedForEncodings = 0;
			knownRegions = (
				en,
				Base,
			);
			mainGroup = 2DE141E6282AF30800AD741E;
			productRefGroup = 2DE141F1282AF30800AD741E /* Products */;
			projectDirPath = "";
			projectRoot = "";
			targets = (
				2DE141EF282AF30800AD741E /* Amplience */,
			);
		};
/* End PBXProject section */

/* Begin PBXResourcesBuildPhase section */
		2DE141EE282AF30800AD741E /* Resources */ = {
			isa = PBXResourcesBuildPhase;
			buildActionMask = 2147483647;
			files = (
			);
			runOnlyForDeploymentPostprocessing = 0;
		};
/* End PBXResourcesBuildPhase section */

/* Begin PBXSourcesBuildPhase section */
		2DE141EC282AF30800AD741E /* Sources */ = {
			isa = PBXSourcesBuildPhase;
			buildActionMask = 2147483647;
			files = (
				B0262B992835301300510C8F /* ResizeAlgorithm.swift in Sources */,
				B0262BA628353A9500510C8F /* AmplienceImage.swift in Sources */,
				B08C2ECE283F95BD0000B1AE /* BaseRequest.swift in Sources */,
				B0262B782834E80600510C8F /* Parameters.swift in Sources */,
				B0262B842834E91900510C8F /* SortBy.swift in Sources */,
				B0262B8B2834EB3D00510C8F /* CompositeMode.swift in Sources */,
				B0262B892834E9CD00510C8F /* ColorSpace.swift in Sources */,
				B0262B952834EE3A00510C8F /* FormatQuality.swift in Sources */,
				B0262B9B2835304600510C8F /* ScaleFit.swift in Sources */,
				B0262B9728352E7E00510C8F /* ImageUrlBuilder.swift in Sources */,
				B0262B802834E8CE00510C8F /* PageData.swift in Sources */,
				B0262B9F2835315C00510C8F /* Unsharp.swift in Sources */,
				B08C2EE1283FADBF0000B1AE /* AmplienceVideo.swift in Sources */,
				B08C2EC7283F8BE10000B1AE /* ImageLayer.swift in Sources */,
				B08C2EC3283F882D0000B1AE /* TextAttributes.swift in Sources */,
				B0262B702834E6DD00510C8F /* ContentResponse.swift in Sources */,
				B0262BA12835317B00510C8F /* Upscale.swift in Sources */,
				B0262B7E2834E8B100510C8F /* Page.swift in Sources */,
				B0262B7A2834E85400510C8F /* FilterBy.swift in Sources */,
				B0262B9D2835314E00510C8F /* ScaleMode.swift in Sources */,
				B0262B872834E9B100510C8F /* Blur.swift in Sources */,
				B0262BA3283537B100510C8F /* EdgeType.swift in Sources */,
				B08C2EC5283F8B720000B1AE /* Anchor.swift in Sources */,
				B08C2ED4283FA0250000B1AE /* AnyCodable.swift in Sources */,
				B0262B7C2834E88900510C8F /* FilterRequest.swift in Sources */,
				B08C2ED0283F95D30000B1AE /* NetworkingError.swift in Sources */,
				2D5060CB285391B2007E8DF3 /* ImageLoader.swift in Sources */,
				B0262B822834E8F800510C8F /* PagedResponse.swift in Sources */,
				B0262B912834ED7300510C8F /* EdgeCrop.swift in Sources */,
				B0262B742834E7BB00510C8F /* Request.swift in Sources */,
				B0262B6D2834DFA200510C8F /* AmplienceManager.swift in Sources */,
				B0262B932834EDA700510C8F /* Format.swift in Sources */,
				B08C2EBF283F85F00000B1AE /* TextLayer.swift in Sources */,
				B0262B8F2834ED5000510C8F /* DpiFilter.swift in Sources */,
				B0262B722834E78500510C8F /* ContentRequest.swift in Sources */,
				B08C2EC1283F860B0000B1AE /* Layer.swift in Sources */,
				B0262B8D2834EB8C00510C8F /* Crop.swift in Sources */,
			);
			runOnlyForDeploymentPostprocessing = 0;
		};
/* End PBXSourcesBuildPhase section */

/* Begin XCBuildConfiguration section */
		2DE141F5282AF30800AD741E /* Debug */ = {
			isa = XCBuildConfiguration;
			buildSettings = {
				ALWAYS_SEARCH_USER_PATHS = NO;
				CLANG_ANALYZER_NONNULL = YES;
				CLANG_ANALYZER_NUMBER_OBJECT_CONVERSION = YES_AGGRESSIVE;
				CLANG_CXX_LANGUAGE_STANDARD = "gnu++17";
				CLANG_ENABLE_MODULES = YES;
				CLANG_ENABLE_OBJC_ARC = YES;
				CLANG_ENABLE_OBJC_WEAK = YES;
				CLANG_WARN_BLOCK_CAPTURE_AUTORELEASING = YES;
				CLANG_WARN_BOOL_CONVERSION = YES;
				CLANG_WARN_COMMA = YES;
				CLANG_WARN_CONSTANT_CONVERSION = YES;
				CLANG_WARN_DEPRECATED_OBJC_IMPLEMENTATIONS = YES;
				CLANG_WARN_DIRECT_OBJC_ISA_USAGE = YES_ERROR;
				CLANG_WARN_DOCUMENTATION_COMMENTS = YES;
				CLANG_WARN_EMPTY_BODY = YES;
				CLANG_WARN_ENUM_CONVERSION = YES;
				CLANG_WARN_INFINITE_RECURSION = YES;
				CLANG_WARN_INT_CONVERSION = YES;
				CLANG_WARN_NON_LITERAL_NULL_CONVERSION = YES;
				CLANG_WARN_OBJC_IMPLICIT_RETAIN_SELF = YES;
				CLANG_WARN_OBJC_LITERAL_CONVERSION = YES;
				CLANG_WARN_OBJC_ROOT_CLASS = YES_ERROR;
				CLANG_WARN_QUOTED_INCLUDE_IN_FRAMEWORK_HEADER = YES;
				CLANG_WARN_RANGE_LOOP_ANALYSIS = YES;
				CLANG_WARN_STRICT_PROTOTYPES = YES;
				CLANG_WARN_SUSPICIOUS_MOVE = YES;
				CLANG_WARN_UNGUARDED_AVAILABILITY = YES_AGGRESSIVE;
				CLANG_WARN_UNREACHABLE_CODE = YES;
				CLANG_WARN__DUPLICATE_METHOD_MATCH = YES;
				COPY_PHASE_STRIP = NO;
				CURRENT_PROJECT_VERSION = 1;
				DEBUG_INFORMATION_FORMAT = dwarf;
				ENABLE_STRICT_OBJC_MSGSEND = YES;
				ENABLE_TESTABILITY = YES;
				GCC_C_LANGUAGE_STANDARD = gnu11;
				GCC_DYNAMIC_NO_PIC = NO;
				GCC_NO_COMMON_BLOCKS = YES;
				GCC_OPTIMIZATION_LEVEL = 0;
				GCC_PREPROCESSOR_DEFINITIONS = (
					"DEBUG=1",
					"$(inherited)",
				);
				GCC_WARN_64_TO_32_BIT_CONVERSION = YES;
				GCC_WARN_ABOUT_RETURN_TYPE = YES_ERROR;
				GCC_WARN_UNDECLARED_SELECTOR = YES;
				GCC_WARN_UNINITIALIZED_AUTOS = YES_AGGRESSIVE;
				GCC_WARN_UNUSED_FUNCTION = YES;
				GCC_WARN_UNUSED_VARIABLE = YES;
				IPHONEOS_DEPLOYMENT_TARGET = 15.4;
				MTL_ENABLE_DEBUG_INFO = INCLUDE_SOURCE;
				MTL_FAST_MATH = YES;
				ONLY_ACTIVE_ARCH = YES;
				SDKROOT = iphoneos;
				SWIFT_ACTIVE_COMPILATION_CONDITIONS = DEBUG;
				SWIFT_OPTIMIZATION_LEVEL = "-Onone";
				VERSIONING_SYSTEM = "apple-generic";
				VERSION_INFO_PREFIX = "";
			};
			name = Debug;
		};
		2DE141F6282AF30800AD741E /* Release */ = {
			isa = XCBuildConfiguration;
			buildSettings = {
				ALWAYS_SEARCH_USER_PATHS = NO;
				CLANG_ANALYZER_NONNULL = YES;
				CLANG_ANALYZER_NUMBER_OBJECT_CONVERSION = YES_AGGRESSIVE;
				CLANG_CXX_LANGUAGE_STANDARD = "gnu++17";
				CLANG_ENABLE_MODULES = YES;
				CLANG_ENABLE_OBJC_ARC = YES;
				CLANG_ENABLE_OBJC_WEAK = YES;
				CLANG_WARN_BLOCK_CAPTURE_AUTORELEASING = YES;
				CLANG_WARN_BOOL_CONVERSION = YES;
				CLANG_WARN_COMMA = YES;
				CLANG_WARN_CONSTANT_CONVERSION = YES;
				CLANG_WARN_DEPRECATED_OBJC_IMPLEMENTATIONS = YES;
				CLANG_WARN_DIRECT_OBJC_ISA_USAGE = YES_ERROR;
				CLANG_WARN_DOCUMENTATION_COMMENTS = YES;
				CLANG_WARN_EMPTY_BODY = YES;
				CLANG_WARN_ENUM_CONVERSION = YES;
				CLANG_WARN_INFINITE_RECURSION = YES;
				CLANG_WARN_INT_CONVERSION = YES;
				CLANG_WARN_NON_LITERAL_NULL_CONVERSION = YES;
				CLANG_WARN_OBJC_IMPLICIT_RETAIN_SELF = YES;
				CLANG_WARN_OBJC_LITERAL_CONVERSION = YES;
				CLANG_WARN_OBJC_ROOT_CLASS = YES_ERROR;
				CLANG_WARN_QUOTED_INCLUDE_IN_FRAMEWORK_HEADER = YES;
				CLANG_WARN_RANGE_LOOP_ANALYSIS = YES;
				CLANG_WARN_STRICT_PROTOTYPES = YES;
				CLANG_WARN_SUSPICIOUS_MOVE = YES;
				CLANG_WARN_UNGUARDED_AVAILABILITY = YES_AGGRESSIVE;
				CLANG_WARN_UNREACHABLE_CODE = YES;
				CLANG_WARN__DUPLICATE_METHOD_MATCH = YES;
				COPY_PHASE_STRIP = NO;
				CURRENT_PROJECT_VERSION = 1;
				DEBUG_INFORMATION_FORMAT = "dwarf-with-dsym";
				ENABLE_NS_ASSERTIONS = NO;
				ENABLE_STRICT_OBJC_MSGSEND = YES;
				GCC_C_LANGUAGE_STANDARD = gnu11;
				GCC_NO_COMMON_BLOCKS = YES;
				GCC_WARN_64_TO_32_BIT_CONVERSION = YES;
				GCC_WARN_ABOUT_RETURN_TYPE = YES_ERROR;
				GCC_WARN_UNDECLARED_SELECTOR = YES;
				GCC_WARN_UNINITIALIZED_AUTOS = YES_AGGRESSIVE;
				GCC_WARN_UNUSED_FUNCTION = YES;
				GCC_WARN_UNUSED_VARIABLE = YES;
				IPHONEOS_DEPLOYMENT_TARGET = 15.4;
				MTL_ENABLE_DEBUG_INFO = NO;
				MTL_FAST_MATH = YES;
				SDKROOT = iphoneos;
				SWIFT_COMPILATION_MODE = wholemodule;
				SWIFT_OPTIMIZATION_LEVEL = "-O";
				VALIDATE_PRODUCT = YES;
				VERSIONING_SYSTEM = "apple-generic";
				VERSION_INFO_PREFIX = "";
			};
			name = Release;
		};
		2DE141F8282AF30800AD741E /* Debug */ = {
			isa = XCBuildConfiguration;
			buildSettings = {
				BUILD_LIBRARY_FOR_DISTRIBUTION = YES;
				CLANG_ENABLE_MODULES = YES;
				CODE_SIGN_STYLE = Automatic;
				CURRENT_PROJECT_VERSION = 1;
				DEFINES_MODULE = YES;
				DEVELOPMENT_TEAM = RA4XCDZCJ8;
				DYLIB_COMPATIBILITY_VERSION = 1;
				DYLIB_CURRENT_VERSION = 1;
				DYLIB_INSTALL_NAME_BASE = "@rpath";
				GENERATE_INFOPLIST_FILE = YES;
				INFOPLIST_KEY_NSHumanReadableCopyright = "";
				INSTALL_PATH = "$(LOCAL_LIBRARY_DIR)/Frameworks";
				LD_RUNPATH_SEARCH_PATHS = (
					"$(inherited)",
					"@executable_path/Frameworks",
					"@loader_path/Frameworks",
				);
				MARKETING_VERSION = 1.0;
				PRODUCT_BUNDLE_IDENTIFIER = com.amplience;
				PRODUCT_NAME = Amplience;
				SKIP_INSTALL = YES;
				SWIFT_EMIT_LOC_STRINGS = YES;
				SWIFT_OPTIMIZATION_LEVEL = "-Onone";
				SWIFT_VERSION = 5.0;
				TARGETED_DEVICE_FAMILY = "1,2";
			};
			name = Debug;
		};
		2DE141F9282AF30800AD741E /* Release */ = {
			isa = XCBuildConfiguration;
			buildSettings = {
				BUILD_LIBRARY_FOR_DISTRIBUTION = YES;
				CLANG_ENABLE_MODULES = YES;
				CODE_SIGN_STYLE = Automatic;
				CURRENT_PROJECT_VERSION = 1;
				DEFINES_MODULE = YES;
				DEVELOPMENT_TEAM = RA4XCDZCJ8;
				DYLIB_COMPATIBILITY_VERSION = 1;
				DYLIB_CURRENT_VERSION = 1;
				DYLIB_INSTALL_NAME_BASE = "@rpath";
				GENERATE_INFOPLIST_FILE = YES;
				INFOPLIST_KEY_NSHumanReadableCopyright = "";
				INSTALL_PATH = "$(LOCAL_LIBRARY_DIR)/Frameworks";
				LD_RUNPATH_SEARCH_PATHS = (
					"$(inherited)",
					"@executable_path/Frameworks",
					"@loader_path/Frameworks",
				);
				MARKETING_VERSION = 1.0;
				PRODUCT_BUNDLE_IDENTIFIER = com.amplience;
				PRODUCT_NAME = Amplience;
				SKIP_INSTALL = YES;
				SWIFT_EMIT_LOC_STRINGS = YES;
				SWIFT_VERSION = 5.0;
				TARGETED_DEVICE_FAMILY = "1,2";
			};
			name = Release;
		};
/* End XCBuildConfiguration section */

/* Begin XCConfigurationList section */
		2DE141EA282AF30800AD741E /* Build configuration list for PBXProject "amplience-sdk-ios" */ = {
			isa = XCConfigurationList;
			buildConfigurations = (
				2DE141F5282AF30800AD741E /* Debug */,
				2DE141F6282AF30800AD741E /* Release */,
			);
			defaultConfigurationIsVisible = 0;
			defaultConfigurationName = Release;
		};
		2DE141F7282AF30800AD741E /* Build configuration list for PBXNativeTarget "Amplience" */ = {
			isa = XCConfigurationList;
			buildConfigurations = (
				2DE141F8282AF30800AD741E /* Debug */,
				2DE141F9282AF30800AD741E /* Release */,
			);
			defaultConfigurationIsVisible = 0;
			defaultConfigurationName = Release;
		};
/* End XCConfigurationList section */
	};
	rootObject = 2DE141E7282AF30800AD741E /* Project object */;
}
